// !$*UTF8*$!
{
	archiveVersion = 1;
	classes = {
	};
	objectVersion = 46;
	objects = {

/* Begin PBXBuildFile section */
		7E7E1E1100000000000000AA /* TelemetryConfig.swift in Sources */ = {isa = PBXBuildFile; fileRef = 7E7E1E0100000000000000AA /* TelemetryConfig.swift */; };
		7E7E1E1200000000000000AA /* TelemetryService.swift in Sources */ = {isa = PBXBuildFile; fileRef = 7E7E1E0200000000000000AA /* TelemetryService.swift */; };
		7E7E1E1400000000000000AA /* Telemetry.plist in Resources */ = {isa = PBXBuildFile; fileRef = 7E7E1E0400000000000000AA /* Telemetry.plist */; };
		7E7E1E1500000000000000AA /* TelemetryStore.swift in Sources */ = {isa = PBXBuildFile; fileRef = 7E7E1E0500000000000000AA /* TelemetryStore.swift */; };
		7E7E1E1600000000000000AA /* DeviceHealth.swift in Sources */ = {isa = PBXBuildFile; fileRef = 7E7E1E0600000000000000AA /* DeviceHealth.swift */; };
		7E7E1E1700000000000000AA /* AboutViewController.swift in Sources */ = {isa = PBXBuildFile; fileRef = 7E7E1E0700000000000000AA /* AboutViewController.swift */; };
		7E7E1E1800000000000000AA /* AppTelemetrySampler.swift in Sources */ = {isa = PBXBuildFile; fileRef = 7E7E1E0800000000000000AA /* AppTelemetrySampler.swift */; };
		7E7E1E1900000000000000AA /* SettingsViewController.swift in Sources */ = {isa = PBXBuildFile; fileRef = 7E7E1E0900000000000000AA /* SettingsViewController.swift */; };
		7E7E1E1A00000000000000AA /* ControlViewController.swift in Sources */ = {isa = PBXBuildFile; fileRef = 7E7E1E0A00000000000000AA /* ControlViewController.swift */; };
		7E7E1E1B00000000000000AA /* TelemetryKeys.swift in Sources */ = {isa = PBXBuildFile; fileRef = 7E7E1E0B00000000000000AA /* TelemetryKeys.swift */; };
		7E7E1E1C00000000000000AA /* DeviceTelemetryDecoder.swift in Sources */ = {isa = PBXBuildFile; fileRef = 7E7E1E0C00000000000000AA /* DeviceTelemetryDecoder.swift */; };
		7E7E1E1D00000000000000AA /* ProvisioningLoader.swift in Sources */ = {isa = PBXBuildFile; fileRef = 7E7E1E0D00000000000000AA /* ProvisioningLoader.swift */; };
		7E7E1E1E00000000000000AA /* TelemetrySource.swift in Sources */ = {isa = PBXBuildFile; fileRef = 7E7E1E0E00000000000000AA /* TelemetrySource.swift */; };
		7E7E1E1F00000000000000AA /* PositioningPolicy.swift in Sources */ = {isa = PBXBuildFile; fileRef = 7E7E1E0F00000000000000AA /* PositioningPolicy.swift */; };
		7E7E1E4100000000000000AA /* HeadtrackerManager.swift in Sources */ = {isa = PBXBuildFile; fileRef = 7E7E1E4000000000000000AA /* HeadtrackerManager.swift */; };
		7E7E1E5100000000000000AA /* CasterSettings.swift in Sources */ = {isa = PBXBuildFile; fileRef = 7E7E1E5000000000000000AA /* CasterSettings.swift */; };
		8411A75428BF687700205E32 /* bitwise.c in Sources */ = {isa = PBXBuildFile; fileRef = 8411A75228BF687700205E32 /* bitwise.c */; };
		8411A75528BF687700205E32 /* framing.c in Sources */ = {isa = PBXBuildFile; fileRef = 8411A75328BF687700205E32 /* framing.c */; };
		8411A77228BF69DB00205E32 /* block.c in Sources */ = {isa = PBXBuildFile; fileRef = 8411A75828BF69DB00205E32 /* block.c */; };
		8411A77328BF69DB00205E32 /* smallft.c in Sources */ = {isa = PBXBuildFile; fileRef = 8411A75928BF69DB00205E32 /* smallft.c */; };
		8411A77428BF69DB00205E32 /* floor0.c in Sources */ = {isa = PBXBuildFile; fileRef = 8411A75A28BF69DB00205E32 /* floor0.c */; };
		8411A77528BF69DB00205E32 /* bitrate.c in Sources */ = {isa = PBXBuildFile; fileRef = 8411A75B28BF69DB00205E32 /* bitrate.c */; };
		8411A77628BF69DB00205E32 /* vorbisfile.c in Sources */ = {isa = PBXBuildFile; fileRef = 8411A75C28BF69DB00205E32 /* vorbisfile.c */; };
		8411A77728BF69DB00205E32 /* lsp.c in Sources */ = {isa = PBXBuildFile; fileRef = 8411A75D28BF69DB00205E32 /* lsp.c */; };
		8411A77828BF69DB00205E32 /* res0.c in Sources */ = {isa = PBXBuildFile; fileRef = 8411A75E28BF69DB00205E32 /* res0.c */; };
		8411A77928BF69DB00205E32 /* sharedbook.c in Sources */ = {isa = PBXBuildFile; fileRef = 8411A75F28BF69DB00205E32 /* sharedbook.c */; };
		8411A77A28BF69DB00205E32 /* psy.c in Sources */ = {isa = PBXBuildFile; fileRef = 8411A76028BF69DB00205E32 /* psy.c */; };
		8411A77C28BF69DB00205E32 /* envelope.c in Sources */ = {isa = PBXBuildFile; fileRef = 8411A76228BF69DB00205E32 /* envelope.c */; };
		8411A77D28BF69DB00205E32 /* mdct.c in Sources */ = {isa = PBXBuildFile; fileRef = 8411A76328BF69DB00205E32 /* mdct.c */; };
		8411A77E28BF69DB00205E32 /* codebook.c in Sources */ = {isa = PBXBuildFile; fileRef = 8411A76428BF69DB00205E32 /* codebook.c */; };
		8411A77F28BF69DB00205E32 /* window.c in Sources */ = {isa = PBXBuildFile; fileRef = 8411A76528BF69DB00205E32 /* window.c */; };
		8411A78028BF69DB00205E32 /* vorbisenc.c in Sources */ = {isa = PBXBuildFile; fileRef = 8411A76628BF69DB00205E32 /* vorbisenc.c */; };
		8411A78128BF69DB00205E32 /* analysis.c in Sources */ = {isa = PBXBuildFile; fileRef = 8411A76728BF69DB00205E32 /* analysis.c */; };
		8411A78228BF69DB00205E32 /* lookup.c in Sources */ = {isa = PBXBuildFile; fileRef = 8411A76828BF69DB00205E32 /* lookup.c */; };
		8411A78528BF69DB00205E32 /* registry.c in Sources */ = {isa = PBXBuildFile; fileRef = 8411A76B28BF69DB00205E32 /* registry.c */; };
		8411A78628BF69DB00205E32 /* floor1.c in Sources */ = {isa = PBXBuildFile; fileRef = 8411A76C28BF69DB00205E32 /* floor1.c */; };
		8411A78728BF69DB00205E32 /* lpc.c in Sources */ = {isa = PBXBuildFile; fileRef = 8411A76D28BF69DB00205E32 /* lpc.c */; };
		8411A78828BF69DB00205E32 /* mapping0.c in Sources */ = {isa = PBXBuildFile; fileRef = 8411A76E28BF69DB00205E32 /* mapping0.c */; };
		8411A78928BF69DB00205E32 /* synthesis.c in Sources */ = {isa = PBXBuildFile; fileRef = 8411A76F28BF69DB00205E32 /* synthesis.c */; };
		8411A78A28BF69DB00205E32 /* info.c in Sources */ = {isa = PBXBuildFile; fileRef = 8411A77028BF69DB00205E32 /* info.c */; };
		8411A78B28BF69DB00205E32 /* misc.c in Sources */ = {isa = PBXBuildFile; fileRef = 8411A77128BF69DB00205E32 /* misc.c */; };
		842212321F939E23004BF9C9 /* Accelerate.framework in Frameworks */ = {isa = PBXBuildFile; fileRef = 842212311F939E23004BF9C9 /* Accelerate.framework */; };
		8429C291215BB68700D2E5E0 /* MapViewController.swift in Sources */ = {isa = PBXBuildFile; fileRef = 8429C290215BB68700D2E5E0 /* MapViewController.swift */; };
		8434F3E028BF6AFB00B38E82 /* oggread~.c in Sources */ = {isa = PBXBuildFile; fileRef = 8434F3DF28BF6AFB00B38E82 /* oggread~.c */; };
		8434F3E528BF732500B38E82 /* rwaloopplayerstereoogg.pd in Resources */ = {isa = PBXBuildFile; fileRef = 8434F3E128BF732500B38E82 /* rwaloopplayerstereoogg.pd */; };
		8434F3E628BF732500B38E82 /* rwaloopplayermonoogg.pd in Resources */ = {isa = PBXBuildFile; fileRef = 8434F3E228BF732500B38E82 /* rwaloopplayermonoogg.pd */; };
		8434F3E728BF732500B38E82 /* rwaplayermonobinauralogg_fabian.pd in Resources */ = {isa = PBXBuildFile; fileRef = 8434F3E328BF732500B38E82 /* rwaplayermonobinauralogg_fabian.pd */; };
		8434F3E828BF732500B38E82 /* rwaplayerstereobinauralogg_fabian.pd in Resources */ = {isa = PBXBuildFile; fileRef = 8434F3E428BF732500B38E82 /* rwaplayerstereobinauralogg_fabian.pd */; };
		8461E16A2120377E00E7DD4F /* RwaLocation.swift in Sources */ = {isa = PBXBuildFile; fileRef = 8461E1692120377E00E7DD4F /* RwaLocation.swift */; };
		8461E16C21203C4D00E7DD4F /* RwaArea.swift in Sources */ = {isa = PBXBuildFile; fileRef = 8461E16B21203C4D00E7DD4F /* RwaArea.swift */; };
		846BDDFD3011841E008E721D /* vas_pdmaxobject.c in Sources */ = {isa = PBXBuildFile; fileRef = 846BDDFC3011841E008E721D /* vas_pdmaxobject.c */; };
		846BDDFF30118477008E721D /* vas_fir_read.c in Sources */ = {isa = PBXBuildFile; fileRef = 846BDDFE30118477008E721D /* vas_fir_read.c */; };
		84BD68462211B636005A22B5 /* libpd-ios.a in Frameworks */ = {isa = PBXBuildFile; fileRef = 84BD683F2211B624005A22B5 /* libpd-ios.a */; };
		84BD684D2211B749005A22B5 /* vas_dynamicFirChannel.c in Sources */ = {isa = PBXBuildFile; fileRef = 84BD68472211B748005A22B5 /* vas_dynamicFirChannel.c */; };
		84BD684E2211B749005A22B5 /* vas_fir.c in Sources */ = {isa = PBXBuildFile; fileRef = 84BD68482211B748005A22B5 /* vas_fir.c */; };
		84BD684F2211B749005A22B5 /* vas_gps_util.c in Sources */ = {isa = PBXBuildFile; fileRef = 84BD68492211B748005A22B5 /* vas_gps_util.c */; };
		84BD68502211B749005A22B5 /* vas_fir_binaural.c in Sources */ = {isa = PBXBuildFile; fileRef = 84BD684A2211B748005A22B5 /* vas_fir_binaural.c */; };
		84BD68512211B749005A22B5 /* vas_mem.c in Sources */ = {isa = PBXBuildFile; fileRef = 84BD684B2211B749005A22B5 /* vas_mem.c */; };
		84BD68522211B749005A22B5 /* vas_util.c in Sources */ = {isa = PBXBuildFile; fileRef = 84BD684C2211B749005A22B5 /* vas_util.c */; };
		84C70E972212E48E005C49C3 /* freeverb~.c in Sources */ = {isa = PBXBuildFile; fileRef = 84C70E962212E48E005C49C3 /* freeverb~.c */; };
		84C70EA62212E6DA005C49C3 /* rwaplayer5_1channelbinaural_fabian.pd in Resources */ = {isa = PBXBuildFile; fileRef = 84C70E9B2212E6D9005C49C3 /* rwaplayer5_1channelbinaural_fabian.pd */; };
		84C70EA72212E6DA005C49C3 /* rwaReferencePatch.pd in Resources */ = {isa = PBXBuildFile; fileRef = 84C70E9C2212E6D9005C49C3 /* rwaReferencePatch.pd */; };
		84C70EA82212E6DA005C49C3 /* stereoout.pd in Resources */ = {isa = PBXBuildFile; fileRef = 84C70E9D2212E6D9005C49C3 /* stereoout.pd */; };
		84C70EA92212E6DA005C49C3 /* fabian_dir256.txt in Resources */ = {isa = PBXBuildFile; fileRef = 84C70E9E2212E6D9005C49C3 /* fabian_dir256.txt */; };
		84C70EAA2212E6DA005C49C3 /* rwaloopplayermono.pd in Resources */ = {isa = PBXBuildFile; fileRef = 84C70E9F2212E6D9005C49C3 /* rwaloopplayermono.pd */; };
		84C70EAB2212E6DA005C49C3 /* rwaplayer7channelbinaural_fabian.pd in Resources */ = {isa = PBXBuildFile; fileRef = 84C70EA02212E6D9005C49C3 /* rwaplayer7channelbinaural_fabian.pd */; };
		84C70EAC2212E6DA005C49C3 /* rwaplayerstereobinaural_fabian.pd in Resources */ = {isa = PBXBuildFile; fileRef = 84C70EA12212E6D9005C49C3 /* rwaplayerstereobinaural_fabian.pd */; };
		84C70EAD2212E6DA005C49C3 /* stereoout_biquad.pd in Resources */ = {isa = PBXBuildFile; fileRef = 84C70EA22212E6D9005C49C3 /* stereoout_biquad.pd */; };
		84C70EAE2212E6DA005C49C3 /* rwaloopplayerstereo.pd in Resources */ = {isa = PBXBuildFile; fileRef = 84C70EA32212E6D9005C49C3 /* rwaloopplayerstereo.pd */; };
		84C70EAF2212E6DA005C49C3 /* rwabinauralwrappermono.pd in Resources */ = {isa = PBXBuildFile; fileRef = 84C70EA42212E6DA005C49C3 /* rwabinauralwrappermono.pd */; };
		84C70EB02212E6DA005C49C3 /* rwaplayermonobinaural_fabian.pd in Resources */ = {isa = PBXBuildFile; fileRef = 84C70EA52212E6DA005C49C3 /* rwaplayermonobinaural_fabian.pd */; };
		84C70EB42212EF20005C49C3 /* PdBase_Extension.m in Sources */ = {isa = PBXBuildFile; fileRef = 84C70EB32212EF20005C49C3 /* PdBase_Extension.m */; };
		84C70EC32213148A005C49C3 /* GCDAsyncUdpSocket.m in Sources */ = {isa = PBXBuildFile; fileRef = 84C70EB52213148A005C49C3 /* GCDAsyncUdpSocket.m */; };
		84C70EC42213148A005C49C3 /* F53OSCSocket.m in Sources */ = {isa = PBXBuildFile; fileRef = 84C70EB62213148A005C49C3 /* F53OSCSocket.m */; };
		84C70EC52213148A005C49C3 /* F53OSCPacket.m in Sources */ = {isa = PBXBuildFile; fileRef = 84C70EB72213148A005C49C3 /* F53OSCPacket.m */; };
		84C70EC62213148A005C49C3 /* NSDate+F53OSCTimeTag.m in Sources */ = {isa = PBXBuildFile; fileRef = 84C70EB82213148A005C49C3 /* NSDate+F53OSCTimeTag.m */; };
		84C70EC72213148A005C49C3 /* F53OSCBundle.m in Sources */ = {isa = PBXBuildFile; fileRef = 84C70EB92213148A005C49C3 /* F53OSCBundle.m */; };
		84C70EC82213148A005C49C3 /* F53OSCClient.m in Sources */ = {isa = PBXBuildFile; fileRef = 84C70EBA2213148A005C49C3 /* F53OSCClient.m */; };
		84C70EC92213148A005C49C3 /* GCDAsyncSocket.m in Sources */ = {isa = PBXBuildFile; fileRef = 84C70EBB2213148A005C49C3 /* GCDAsyncSocket.m */; };
		84C70ECA2213148A005C49C3 /* NSData+F53OSCBlob.m in Sources */ = {isa = PBXBuildFile; fileRef = 84C70EBC2213148A005C49C3 /* NSData+F53OSCBlob.m */; };
		84C70ECB2213148A005C49C3 /* F53OSCTimeTag.m in Sources */ = {isa = PBXBuildFile; fileRef = 84C70EBD2213148A005C49C3 /* F53OSCTimeTag.m */; };
		84C70ECC2213148A005C49C3 /* NSString+F53OSCString.m in Sources */ = {isa = PBXBuildFile; fileRef = 84C70EBE2213148A005C49C3 /* NSString+F53OSCString.m */; };
		84C70ECD2213148A005C49C3 /* F53OSCServer.m in Sources */ = {isa = PBXBuildFile; fileRef = 84C70EBF2213148A005C49C3 /* F53OSCServer.m */; };
		84C70ECE2213148A005C49C3 /* F53OSCParser.m in Sources */ = {isa = PBXBuildFile; fileRef = 84C70EC02213148A005C49C3 /* F53OSCParser.m */; };
		84C70ECF2213148A005C49C3 /* NSNumber+F53OSCNumber.m in Sources */ = {isa = PBXBuildFile; fileRef = 84C70EC12213148A005C49C3 /* NSNumber+F53OSCNumber.m */; };
		84C70ED02213148A005C49C3 /* F53OSCMessage.m in Sources */ = {isa = PBXBuildFile; fileRef = 84C70EC22213148A005C49C3 /* F53OSCMessage.m */; };
		84D7F166217DDF1F0082843F /* MapKit.framework in Frameworks */ = {isa = PBXBuildFile; fileRef = 84D7F165217DDF1F0082843F /* MapKit.framework */; };
		84E8BC2028EF223900EF35DD /* Config.xcconfig in Resources */ = {isa = PBXBuildFile; fileRef = 84E8BC1F28EF223900EF35DD /* Config.xcconfig */; };
		84F48CEA1F24B14C00869BF2 /* AppDelegate.swift in Sources */ = {isa = PBXBuildFile; fileRef = 84F48CDB1F24B14C00869BF2 /* AppDelegate.swift */; };
		84F48CEB1F24B14C00869BF2 /* CoreLocationController.swift in Sources */ = {isa = PBXBuildFile; fileRef = 84F48CDC1F24B14C00869BF2 /* CoreLocationController.swift */; };
		84F48CEC1F24B14C00869BF2 /* Device.swift in Sources */ = {isa = PBXBuildFile; fileRef = 84F48CDD1F24B14C00869BF2 /* Device.swift */; };
		84F48CED1F24B14C00869BF2 /* FirstViewController.swift in Sources */ = {isa = PBXBuildFile; fileRef = 84F48CDE1F24B14C00869BF2 /* FirstViewController.swift */; };
		84F48CEE1F24B14C00869BF2 /* GameManager.swift in Sources */ = {isa = PBXBuildFile; fileRef = 84F48CDF1F24B14C00869BF2 /* GameManager.swift */; };
		84F48CEF1F24B14C00869BF2 /* RwaAsset.swift in Sources */ = {isa = PBXBuildFile; fileRef = 84F48CE11F24B14C00869BF2 /* RwaAsset.swift */; };
		84F48CF01F24B14C00869BF2 /* RwaEntity.swift in Sources */ = {isa = PBXBuildFile; fileRef = 84F48CE21F24B14C00869BF2 /* RwaEntity.swift */; };
		84F48CF11F24B14C00869BF2 /* RwaGameLoop.swift in Sources */ = {isa = PBXBuildFile; fileRef = 84F48CE31F24B14C00869BF2 /* RwaGameLoop.swift */; };
		84F48CF21F24B14C00869BF2 /* RwaImport.swift in Sources */ = {isa = PBXBuildFile; fileRef = 84F48CE41F24B14C00869BF2 /* RwaImport.swift */; };
		84F48CF31F24B14C00869BF2 /* RwaScene.swift in Sources */ = {isa = PBXBuildFile; fileRef = 84F48CE51F24B14C00869BF2 /* RwaScene.swift */; };
		84F48CF41F24B14C00869BF2 /* RwaState.swift in Sources */ = {isa = PBXBuildFile; fileRef = 84F48CE61F24B14C00869BF2 /* RwaState.swift */; };
		84F48CF51F24B14C00869BF2 /* RwaUtilities.swift in Sources */ = {isa = PBXBuildFile; fileRef = 84F48CE71F24B14C00869BF2 /* RwaUtilities.swift */; };
		84F48CF61F24B14C00869BF2 /* SecondViewController.swift in Sources */ = {isa = PBXBuildFile; fileRef = 84F48CE81F24B14C00869BF2 /* SecondViewController.swift */; };
		84F48D001F24B26C00869BF2 /* Assets.xcassets in Resources */ = {isa = PBXBuildFile; fileRef = 84F48CFE1F24B26C00869BF2 /* Assets.xcassets */; };
		84F48D061F24B2AB00869BF2 /* LaunchScreen.storyboard in Resources */ = {isa = PBXBuildFile; fileRef = 84F48D021F24B2AB00869BF2 /* LaunchScreen.storyboard */; };
		84F48D071F24B2AB00869BF2 /* Main.storyboard in Resources */ = {isa = PBXBuildFile; fileRef = 84F48D041F24B2AB00869BF2 /* Main.storyboard */; };
		BEEF00000000000000000011 /* PdBaseRecorder.swift in Sources */ = {isa = PBXBuildFile; fileRef = BEEF0000000000000000000C /* PdBaseRecorder.swift */; };
		BEEF00000000000000000012 /* ScenarioRunner.swift in Sources */ = {isa = PBXBuildFile; fileRef = BEEF0000000000000000000D /* ScenarioRunner.swift */; };
		BEEF00000000000000000013 /* EngineParityTests.swift in Sources */ = {isa = PBXBuildFile; fileRef = BEEF0000000000000000000E /* EngineParityTests.swift */; };
		BEEF00000000000000000014 /* smoke-background.scenario.json in Resources */ = {isa = PBXBuildFile; fileRef = BEEF00000000000000000010 /* smoke-background.scenario.json */; };
		BEEF00000000000000000016 /* DeviceTelemetryDecoderTests.swift in Sources */ = {isa = PBXBuildFile; fileRef = BEEF00000000000000000015 /* DeviceTelemetryDecoderTests.swift */; };
		BEEF00000000000000000018 /* pdmodes.scenario.json in Resources */ = {isa = PBXBuildFile; fileRef = BEEF00000000000000000017 /* pdmodes.scenario.json */; };
		BEEF0000000000000000001A /* TeardownTests.swift in Sources */ = {isa = PBXBuildFile; fileRef = BEEF00000000000000000019 /* TeardownTests.swift */; };
		BEEF0000000000000000001C /* TelemetryStoreTests.swift in Sources */ = {isa = PBXBuildFile; fileRef = BEEF0000000000000000001B /* TelemetryStoreTests.swift */; };
		BEEF0000000000000000001E /* RwaImportTests.swift in Sources */ = {isa = PBXBuildFile; fileRef = BEEF0000000000000000001D /* RwaImportTests.swift */; };
		BEEF00000000000000000031 /* spatial-edge.scenario.json in Resources */ = {isa = PBXBuildFile; fileRef = BEEF00000000000000000030 /* spatial-edge.scenario.json */; };
		E4232CB523D9C09D00E44DE3 /* rwa_binauralsimple~.c in Sources */ = {isa = PBXBuildFile; fileRef = E4232CB423D9C09D00E44DE3 /* rwa_binauralsimple~.c */; };
		E4232CB723D9C12B00E44DE3 /* vas_firobject.c in Sources */ = {isa = PBXBuildFile; fileRef = E4232CB623D9C12B00E44DE3 /* vas_firobject.c */; };
		E4232CB923D9C16D00E44DE3 /* vas_fir_list.c in Sources */ = {isa = PBXBuildFile; fileRef = E4232CB823D9C16C00E44DE3 /* vas_fir_list.c */; };
		E4232CBB23D9C20000E44DE3 /* vas_reverb~.c in Sources */ = {isa = PBXBuildFile; fileRef = E4232CBA23D9C20000E44DE3 /* vas_reverb~.c */; };
		E45AB4CD27CF5E0100D65E93 /* DownloadManager.swift in Sources */ = {isa = PBXBuildFile; fileRef = E45AB4C827CF5E0100D65E93 /* DownloadManager.swift */; };
		E45AB4CE2807220000D65E93 /* ZipExtractor.swift in Sources */ = {isa = PBXBuildFile; fileRef = E45AB4C92807220000D65E93 /* ZipExtractor.swift */; };
/* End PBXBuildFile section */

/* Begin PBXContainerItemProxy section */
		84203DF028ED98090067F13F /* PBXContainerItemProxy */ = {
			isa = PBXContainerItemProxy;
			containerPortal = 84BD68372211B624005A22B5 /* libpd.xcodeproj */;
			proxyType = 1;
			remoteGlobalIDString = D2AAC07D0554694100DB518D;
			remoteInfo = "libpd-ios";
		};
		84BD683E2211B624005A22B5 /* PBXContainerItemProxy */ = {
			isa = PBXContainerItemProxy;
			containerPortal = 84BD68372211B624005A22B5 /* libpd.xcodeproj */;
			proxyType = 2;
			remoteGlobalIDString = D2AAC07E0554694100DB518D;
			remoteInfo = "libpd-ios";
		};
		84BD68402211B624005A22B5 /* PBXContainerItemProxy */ = {
			isa = PBXContainerItemProxy;
			containerPortal = 84BD68372211B624005A22B5 /* libpd.xcodeproj */;
			proxyType = 2;
			remoteGlobalIDString = 119013AB1486450C00086F19;
			remoteInfo = "libpd-osx";
		};
		84BD68422211B624005A22B5 /* PBXContainerItemProxy */ = {
			isa = PBXContainerItemProxy;
			containerPortal = 84BD68372211B624005A22B5 /* libpd.xcodeproj */;
			proxyType = 2;
			remoteGlobalIDString = 30C3D36D1FAA200100C67F08;
			remoteInfo = "libpd-ios-multi";
		};
		84BD68442211B624005A22B5 /* PBXContainerItemProxy */ = {
			isa = PBXContainerItemProxy;
			containerPortal = 84BD68372211B624005A22B5 /* libpd.xcodeproj */;
			proxyType = 2;
			remoteGlobalIDString = 30C3D2FA1FAA1FCC00C67F08;
			remoteInfo = "libpd-osx-multi";
		};
		BEEF00000000000000000009 /* PBXContainerItemProxy */ = {
			isa = PBXContainerItemProxy;
			containerPortal = 8436A2631C3156F400A4E328 /* Project object */;
			proxyType = 1;
			remoteGlobalIDString = 8436A26A1C3156F400A4E328;
			remoteInfo = "rwa-client";
		};
/* End PBXContainerItemProxy section */

/* Begin PBXFileReference section */
		7E7E1E0100000000000000AA /* TelemetryConfig.swift */ = {isa = PBXFileReference; fileEncoding = 4; lastKnownFileType = sourcecode.swift; name = TelemetryConfig.swift; path = src/Telemetry/TelemetryConfig.swift; sourceTree = "<group>"; };
		7E7E1E0200000000000000AA /* TelemetryService.swift */ = {isa = PBXFileReference; fileEncoding = 4; lastKnownFileType = sourcecode.swift; name = TelemetryService.swift; path = src/Telemetry/TelemetryService.swift; sourceTree = "<group>"; };
		7E7E1E0400000000000000AA /* Telemetry.plist */ = {isa = PBXFileReference; fileEncoding = 4; lastKnownFileType = text.plist.xml; name = Telemetry.plist; path = src/Telemetry/Telemetry.plist; sourceTree = "<group>"; };
		7E7E1E0500000000000000AA /* TelemetryStore.swift */ = {isa = PBXFileReference; fileEncoding = 4; lastKnownFileType = sourcecode.swift; name = TelemetryStore.swift; path = src/Telemetry/TelemetryStore.swift; sourceTree = "<group>"; };
		7E7E1E0600000000000000AA /* DeviceHealth.swift */ = {isa = PBXFileReference; fileEncoding = 4; lastKnownFileType = sourcecode.swift; name = DeviceHealth.swift; path = src/DeviceHealth.swift; sourceTree = "<group>"; };
		7E7E1E0700000000000000AA /* AboutViewController.swift */ = {isa = PBXFileReference; fileEncoding = 4; lastKnownFileType = sourcecode.swift; name = AboutViewController.swift; path = src/AboutViewController.swift; sourceTree = "<group>"; };
		7E7E1E0800000000000000AA /* AppTelemetrySampler.swift */ = {isa = PBXFileReference; fileEncoding = 4; lastKnownFileType = sourcecode.swift; name = AppTelemetrySampler.swift; path = src/Telemetry/AppTelemetrySampler.swift; sourceTree = "<group>"; };
		7E7E1E0900000000000000AA /* SettingsViewController.swift */ = {isa = PBXFileReference; fileEncoding = 4; lastKnownFileType = sourcecode.swift; name = SettingsViewController.swift; path = src/SettingsViewController.swift; sourceTree = "<group>"; };
		7E7E1E0A00000000000000AA /* ControlViewController.swift */ = {isa = PBXFileReference; fileEncoding = 4; lastKnownFileType = sourcecode.swift; name = ControlViewController.swift; path = src/ControlViewController.swift; sourceTree = "<group>"; };
		7E7E1E0B00000000000000AA /* TelemetryKeys.swift */ = {isa = PBXFileReference; fileEncoding = 4; lastKnownFileType = sourcecode.swift; name = TelemetryKeys.swift; path = src/Telemetry/TelemetryKeys.swift; sourceTree = "<group>"; };
		7E7E1E0C00000000000000AA /* DeviceTelemetryDecoder.swift */ = {isa = PBXFileReference; fileEncoding = 4; lastKnownFileType = sourcecode.swift; name = DeviceTelemetryDecoder.swift; path = src/Telemetry/DeviceTelemetryDecoder.swift; sourceTree = "<group>"; };
		7E7E1E0D00000000000000AA /* ProvisioningLoader.swift */ = {isa = PBXFileReference; fileEncoding = 4; lastKnownFileType = sourcecode.swift; name = ProvisioningLoader.swift; path = src/ProvisioningLoader.swift; sourceTree = "<group>"; };
		7E7E1E0E00000000000000AA /* TelemetrySource.swift */ = {isa = PBXFileReference; fileEncoding = 4; lastKnownFileType = sourcecode.swift; name = TelemetrySource.swift; path = src/Telemetry/TelemetrySource.swift; sourceTree = "<group>"; };
		7E7E1E0F00000000000000AA /* PositioningPolicy.swift */ = {isa = PBXFileReference; fileEncoding = 4; lastKnownFileType = sourcecode.swift; name = PositioningPolicy.swift; path = src/PositioningPolicy.swift; sourceTree = "<group>"; };
		7E7E1E4000000000000000AA /* HeadtrackerManager.swift */ = {isa = PBXFileReference; fileEncoding = 4; lastKnownFileType = sourcecode.swift; name = HeadtrackerManager.swift; path = src/HeadtrackerManager.swift; sourceTree = "<group>"; };
		7E7E1E5000000000000000AA /* CasterSettings.swift */ = {isa = PBXFileReference; fileEncoding = 4; lastKnownFileType = sourcecode.swift; name = CasterSettings.swift; path = src/CasterSettings.swift; sourceTree = "<group>"; };
		8411A75228BF687700205E32 /* bitwise.c */ = {isa = PBXFileReference; fileEncoding = 4; lastKnownFileType = sourcecode.c.c; name = bitwise.c; path = ../../libogg/src/bitwise.c; sourceTree = "<group>"; };
		8411A75328BF687700205E32 /* framing.c */ = {isa = PBXFileReference; fileEncoding = 4; lastKnownFileType = sourcecode.c.c; name = framing.c; path = ../../libogg/src/framing.c; sourceTree = "<group>"; };
		8411A75628BF68B900205E32 /* os_types.h */ = {isa = PBXFileReference; lastKnownFileType = sourcecode.c.h; name = os_types.h; path = ../../libogg/include/ogg/os_types.h; sourceTree = "<group>"; };
		8411A75728BF68B900205E32 /* ogg.h */ = {isa = PBXFileReference; lastKnownFileType = sourcecode.c.h; name = ogg.h; path = ../../libogg/include/ogg/ogg.h; sourceTree = "<group>"; };
		8411A75828BF69DB00205E32 /* block.c */ = {isa = PBXFileReference; fileEncoding = 4; lastKnownFileType = sourcecode.c.c; name = block.c; path = ../../vorbis/lib/block.c; sourceTree = "<group>"; };
		8411A75928BF69DB00205E32 /* smallft.c */ = {isa = PBXFileReference; fileEncoding = 4; lastKnownFileType = sourcecode.c.c; name = smallft.c; path = ../../vorbis/lib/smallft.c; sourceTree = "<group>"; };
		8411A75A28BF69DB00205E32 /* floor0.c */ = {isa = PBXFileReference; fileEncoding = 4; lastKnownFileType = sourcecode.c.c; name = floor0.c; path = ../../vorbis/lib/floor0.c; sourceTree = "<group>"; };
		8411A75B28BF69DB00205E32 /* bitrate.c */ = {isa = PBXFileReference; fileEncoding = 4; lastKnownFileType = sourcecode.c.c; name = bitrate.c; path = ../../vorbis/lib/bitrate.c; sourceTree = "<group>"; };
		8411A75C28BF69DB00205E32 /* vorbisfile.c */ = {isa = PBXFileReference; fileEncoding = 4; lastKnownFileType = sourcecode.c.c; name = vorbisfile.c; path = ../../vorbis/lib/vorbisfile.c; sourceTree = "<group>"; };
		8411A75D28BF69DB00205E32 /* lsp.c */ = {isa = PBXFileReference; fileEncoding = 4; lastKnownFileType = sourcecode.c.c; name = lsp.c; path = ../../vorbis/lib/lsp.c; sourceTree = "<group>"; };
		8411A75E28BF69DB00205E32 /* res0.c */ = {isa = PBXFileReference; fileEncoding = 4; lastKnownFileType = sourcecode.c.c; name = res0.c; path = ../../vorbis/lib/res0.c; sourceTree = "<group>"; };
		8411A75F28BF69DB00205E32 /* sharedbook.c */ = {isa = PBXFileReference; fileEncoding = 4; lastKnownFileType = sourcecode.c.c; name = sharedbook.c; path = ../../vorbis/lib/sharedbook.c; sourceTree = "<group>"; };
		8411A76028BF69DB00205E32 /* psy.c */ = {isa = PBXFileReference; fileEncoding = 4; lastKnownFileType = sourcecode.c.c; name = psy.c; path = ../../vorbis/lib/psy.c; sourceTree = "<group>"; };
		8411A76228BF69DB00205E32 /* envelope.c */ = {isa = PBXFileReference; fileEncoding = 4; lastKnownFileType = sourcecode.c.c; name = envelope.c; path = ../../vorbis/lib/envelope.c; sourceTree = "<group>"; };
		8411A76328BF69DB00205E32 /* mdct.c */ = {isa = PBXFileReference; fileEncoding = 4; lastKnownFileType = sourcecode.c.c; name = mdct.c; path = ../../vorbis/lib/mdct.c; sourceTree = "<group>"; };
		8411A76428BF69DB00205E32 /* codebook.c */ = {isa = PBXFileReference; fileEncoding = 4; lastKnownFileType = sourcecode.c.c; name = codebook.c; path = ../../vorbis/lib/codebook.c; sourceTree = "<group>"; };
		8411A76528BF69DB00205E32 /* window.c */ = {isa = PBXFileReference; fileEncoding = 4; lastKnownFileType = sourcecode.c.c; name = window.c; path = ../../vorbis/lib/window.c; sourceTree = "<group>"; };
		8411A76628BF69DB00205E32 /* vorbisenc.c */ = {isa = PBXFileReference; fileEncoding = 4; lastKnownFileType = sourcecode.c.c; name = vorbisenc.c; path = ../../vorbis/lib/vorbisenc.c; sourceTree = "<group>"; };
		8411A76728BF69DB00205E32 /* analysis.c */ = {isa = PBXFileReference; fileEncoding = 4; lastKnownFileType = sourcecode.c.c; name = analysis.c; path = ../../vorbis/lib/analysis.c; sourceTree = "<group>"; };
		8411A76828BF69DB00205E32 /* lookup.c */ = {isa = PBXFileReference; fileEncoding = 4; lastKnownFileType = sourcecode.c.c; name = lookup.c; path = ../../vorbis/lib/lookup.c; sourceTree = "<group>"; };
		8411A76B28BF69DB00205E32 /* registry.c */ = {isa = PBXFileReference; fileEncoding = 4; lastKnownFileType = sourcecode.c.c; name = registry.c; path = ../../vorbis/lib/registry.c; sourceTree = "<group>"; };
		8411A76C28BF69DB00205E32 /* floor1.c */ = {isa = PBXFileReference; fileEncoding = 4; lastKnownFileType = sourcecode.c.c; name = floor1.c; path = ../../vorbis/lib/floor1.c; sourceTree = "<group>"; };
		8411A76D28BF69DB00205E32 /* lpc.c */ = {isa = PBXFileReference; fileEncoding = 4; lastKnownFileType = sourcecode.c.c; name = lpc.c; path = ../../vorbis/lib/lpc.c; sourceTree = "<group>"; };
		8411A76E28BF69DB00205E32 /* mapping0.c */ = {isa = PBXFileReference; fileEncoding = 4; lastKnownFileType = sourcecode.c.c; name = mapping0.c; path = ../../vorbis/lib/mapping0.c; sourceTree = "<group>"; };
		8411A76F28BF69DB00205E32 /* synthesis.c */ = {isa = PBXFileReference; fileEncoding = 4; lastKnownFileType = sourcecode.c.c; name = synthesis.c; path = ../../vorbis/lib/synthesis.c; sourceTree = "<group>"; };
		8411A77028BF69DB00205E32 /* info.c */ = {isa = PBXFileReference; fileEncoding = 4; lastKnownFileType = sourcecode.c.c; name = info.c; path = ../../vorbis/lib/info.c; sourceTree = "<group>"; };
		8411A77128BF69DB00205E32 /* misc.c */ = {isa = PBXFileReference; fileEncoding = 4; lastKnownFileType = sourcecode.c.c; name = misc.c; path = ../../vorbis/lib/misc.c; sourceTree = "<group>"; };
		842212311F939E23004BF9C9 /* Accelerate.framework */ = {isa = PBXFileReference; lastKnownFileType = wrapper.framework; name = Accelerate.framework; path = System/Library/Frameworks/Accelerate.framework; sourceTree = SDKROOT; };
		8429C290215BB68700D2E5E0 /* MapViewController.swift */ = {isa = PBXFileReference; lastKnownFileType = sourcecode.swift; name = MapViewController.swift; path = src/MapViewController.swift; sourceTree = "<group>"; };
		8434F3DF28BF6AFB00B38E82 /* oggread~.c */ = {isa = PBXFileReference; fileEncoding = 4; lastKnownFileType = sourcecode.c.c; path = "oggread~.c"; sourceTree = "<group>"; };
		8434F3E128BF732500B38E82 /* rwaloopplayerstereoogg.pd */ = {isa = PBXFileReference; fileEncoding = 4; lastKnownFileType = text; name = rwaloopplayerstereoogg.pd; path = "../pd-patches/rwaloopplayerstereoogg.pd"; sourceTree = "<group>"; };
		8434F3E228BF732500B38E82 /* rwaloopplayermonoogg.pd */ = {isa = PBXFileReference; fileEncoding = 4; lastKnownFileType = text; name = rwaloopplayermonoogg.pd; path = "../pd-patches/rwaloopplayermonoogg.pd"; sourceTree = "<group>"; };
		8434F3E328BF732500B38E82 /* rwaplayermonobinauralogg_fabian.pd */ = {isa = PBXFileReference; fileEncoding = 4; lastKnownFileType = text; name = rwaplayermonobinauralogg_fabian.pd; path = "../pd-patches/rwaplayermonobinauralogg_fabian.pd"; sourceTree = "<group>"; };
		8434F3E428BF732500B38E82 /* rwaplayerstereobinauralogg_fabian.pd */ = {isa = PBXFileReference; fileEncoding = 4; lastKnownFileType = text; name = rwaplayerstereobinauralogg_fabian.pd; path = "../pd-patches/rwaplayerstereobinauralogg_fabian.pd"; sourceTree = "<group>"; };
		8436A26B1C3156F400A4E328 /* rwa-client.app */ = {isa = PBXFileReference; explicitFileType = wrapper.application; includeInIndex = 0; path = "rwa-client.app"; sourceTree = BUILT_PRODUCTS_DIR; };
		8461E1692120377E00E7DD4F /* RwaLocation.swift */ = {isa = PBXFileReference; lastKnownFileType = sourcecode.swift; name = RwaLocation.swift; path = src/RwaLocation.swift; sourceTree = "<group>"; };
		8461E16B21203C4D00E7DD4F /* RwaArea.swift */ = {isa = PBXFileReference; lastKnownFileType = sourcecode.swift; name = RwaArea.swift; path = src/RwaArea.swift; sourceTree = "<group>"; };
		846BDDFC3011841E008E721D /* vas_pdmaxobject.c */ = {isa = PBXFileReference; lastKnownFileType = sourcecode.c.c; name = vas_pdmaxobject.c; path = ../vas_library/source/vas_pdmaxobject.c; sourceTree = SOURCE_ROOT; };
		846BDDFE30118477008E721D /* vas_fir_read.c */ = {isa = PBXFileReference; lastKnownFileType = sourcecode.c.c; name = vas_fir_read.c; path = ../vas_library/source/vas_fir_read.c; sourceTree = SOURCE_ROOT; };
		84A4CE2A221317C70057CBE7 /* PdBase_Extension.h */ = {isa = PBXFileReference; lastKnownFileType = sourcecode.c.h; path = PdBase_Extension.h; sourceTree = "<group>"; };
		84BD68372211B624005A22B5 /* libpd.xcodeproj */ = {isa = PBXFileReference; lastKnownFileType = "wrapper.pb-project"; name = libpd.xcodeproj; path = ../libpd/libpd.xcodeproj; sourceTree = "<group>"; };
		84BD68472211B748005A22B5 /* vas_dynamicFirChannel.c */ = {isa = PBXFileReference; fileEncoding = 4; lastKnownFileType = sourcecode.c.c; name = vas_dynamicFirChannel.c; path = ../vas_library/source/vas_dynamicFirChannel.c; sourceTree = "<group>"; };
		84BD68482211B748005A22B5 /* vas_fir.c */ = {isa = PBXFileReference; fileEncoding = 4; lastKnownFileType = sourcecode.c.c; name = vas_fir.c; path = ../vas_library/source/vas_fir.c; sourceTree = "<group>"; };
		84BD68492211B748005A22B5 /* vas_gps_util.c */ = {isa = PBXFileReference; fileEncoding = 4; lastKnownFileType = sourcecode.c.c; name = vas_gps_util.c; path = ../vas_library/source/vas_gps_util.c; sourceTree = "<group>"; };
		84BD684A2211B748005A22B5 /* vas_fir_binaural.c */ = {isa = PBXFileReference; fileEncoding = 4; lastKnownFileType = sourcecode.c.c; name = vas_fir_binaural.c; path = ../vas_library/source/vas_fir_binaural.c; sourceTree = "<group>"; };
		84BD684B2211B749005A22B5 /* vas_mem.c */ = {isa = PBXFileReference; fileEncoding = 4; lastKnownFileType = sourcecode.c.c; name = vas_mem.c; path = ../vas_library/source/vas_mem.c; sourceTree = "<group>"; };
		84BD684C2211B749005A22B5 /* vas_util.c */ = {isa = PBXFileReference; fileEncoding = 4; lastKnownFileType = sourcecode.c.c; name = vas_util.c; path = ../vas_library/source/vas_util.c; sourceTree = "<group>"; };
		84C70E962212E48E005C49C3 /* freeverb~.c */ = {isa = PBXFileReference; fileEncoding = 4; lastKnownFileType = sourcecode.c.c; name = "freeverb~.c"; path = "../pd-extra/freeverb~/freeverb~.c"; sourceTree = "<group>"; };
		84C70E9B2212E6D9005C49C3 /* rwaplayer5_1channelbinaural_fabian.pd */ = {isa = PBXFileReference; lastKnownFileType = text; name = rwaplayer5_1channelbinaural_fabian.pd; path = "../pd-patches/rwaplayer5_1channelbinaural_fabian.pd"; sourceTree = "<group>"; };
		84C70E9C2212E6D9005C49C3 /* rwaReferencePatch.pd */ = {isa = PBXFileReference; lastKnownFileType = text; name = rwaReferencePatch.pd; path = "../pd-patches/rwaReferencePatch.pd"; sourceTree = "<group>"; };
		84C70E9D2212E6D9005C49C3 /* stereoout.pd */ = {isa = PBXFileReference; lastKnownFileType = text; name = stereoout.pd; path = "../pd-patches/stereoout.pd"; sourceTree = "<group>"; };
		84C70E9E2212E6D9005C49C3 /* fabian_dir256.txt */ = {isa = PBXFileReference; lastKnownFileType = text; name = fabian_dir256.txt; path = "../pd-patches/fabian_dir256.txt"; sourceTree = "<group>"; };
		84C70E9F2212E6D9005C49C3 /* rwaloopplayermono.pd */ = {isa = PBXFileReference; lastKnownFileType = text; name = rwaloopplayermono.pd; path = "../pd-patches/rwaloopplayermono.pd"; sourceTree = "<group>"; };
		84C70EA02212E6D9005C49C3 /* rwaplayer7channelbinaural_fabian.pd */ = {isa = PBXFileReference; lastKnownFileType = text; name = rwaplayer7channelbinaural_fabian.pd; path = "../pd-patches/rwaplayer7channelbinaural_fabian.pd"; sourceTree = "<group>"; };
		84C70EA12212E6D9005C49C3 /* rwaplayerstereobinaural_fabian.pd */ = {isa = PBXFileReference; lastKnownFileType = text; name = rwaplayerstereobinaural_fabian.pd; path = "../pd-patches/rwaplayerstereobinaural_fabian.pd"; sourceTree = "<group>"; };
		84C70EA22212E6D9005C49C3 /* stereoout_biquad.pd */ = {isa = PBXFileReference; lastKnownFileType = text; name = stereoout_biquad.pd; path = "../pd-patches/stereoout_biquad.pd"; sourceTree = "<group>"; };
		84C70EA32212E6D9005C49C3 /* rwaloopplayerstereo.pd */ = {isa = PBXFileReference; lastKnownFileType = text; name = rwaloopplayerstereo.pd; path = "../pd-patches/rwaloopplayerstereo.pd"; sourceTree = "<group>"; };
		84C70EA42212E6DA005C49C3 /* rwabinauralwrappermono.pd */ = {isa = PBXFileReference; lastKnownFileType = text; name = rwabinauralwrappermono.pd; path = "../pd-patches/rwabinauralwrappermono.pd"; sourceTree = "<group>"; };
		84C70EA52212E6DA005C49C3 /* rwaplayermonobinaural_fabian.pd */ = {isa = PBXFileReference; lastKnownFileType = text; name = rwaplayermonobinaural_fabian.pd; path = "../pd-patches/rwaplayermonobinaural_fabian.pd"; sourceTree = "<group>"; };
		84C70EB32212EF20005C49C3 /* PdBase_Extension.m */ = {isa = PBXFileReference; lastKnownFileType = sourcecode.c.objc; name = PdBase_Extension.m; path = src/PdBase_Extension.m; sourceTree = "<group>"; };
		84C70EB52213148A005C49C3 /* GCDAsyncUdpSocket.m */ = {isa = PBXFileReference; fileEncoding = 4; lastKnownFileType = sourcecode.c.objc; name = GCDAsyncUdpSocket.m; path = ../F53OSC/GCDAsyncUdpSocket.m; sourceTree = "<group>"; };
		84C70EB62213148A005C49C3 /* F53OSCSocket.m */ = {isa = PBXFileReference; fileEncoding = 4; lastKnownFileType = sourcecode.c.objc; name = F53OSCSocket.m; path = ../F53OSC/F53OSCSocket.m; sourceTree = "<group>"; };
		84C70EB72213148A005C49C3 /* F53OSCPacket.m */ = {isa = PBXFileReference; fileEncoding = 4; lastKnownFileType = sourcecode.c.objc; name = F53OSCPacket.m; path = ../F53OSC/F53OSCPacket.m; sourceTree = "<group>"; };
		84C70EB82213148A005C49C3 /* NSDate+F53OSCTimeTag.m */ = {isa = PBXFileReference; fileEncoding = 4; lastKnownFileType = sourcecode.c.objc; name = "NSDate+F53OSCTimeTag.m"; path = "../F53OSC/NSDate+F53OSCTimeTag.m"; sourceTree = "<group>"; };
		84C70EB92213148A005C49C3 /* F53OSCBundle.m */ = {isa = PBXFileReference; fileEncoding = 4; lastKnownFileType = sourcecode.c.objc; name = F53OSCBundle.m; path = ../F53OSC/F53OSCBundle.m; sourceTree = "<group>"; };
		84C70EBA2213148A005C49C3 /* F53OSCClient.m */ = {isa = PBXFileReference; fileEncoding = 4; lastKnownFileType = sourcecode.c.objc; name = F53OSCClient.m; path = ../F53OSC/F53OSCClient.m; sourceTree = "<group>"; };
		84C70EBB2213148A005C49C3 /* GCDAsyncSocket.m */ = {isa = PBXFileReference; fileEncoding = 4; lastKnownFileType = sourcecode.c.objc; name = GCDAsyncSocket.m; path = ../F53OSC/GCDAsyncSocket.m; sourceTree = "<group>"; };
		84C70EBC2213148A005C49C3 /* NSData+F53OSCBlob.m */ = {isa = PBXFileReference; fileEncoding = 4; lastKnownFileType = sourcecode.c.objc; name = "NSData+F53OSCBlob.m"; path = "../F53OSC/NSData+F53OSCBlob.m"; sourceTree = "<group>"; };
		84C70EBD2213148A005C49C3 /* F53OSCTimeTag.m */ = {isa = PBXFileReference; fileEncoding = 4; lastKnownFileType = sourcecode.c.objc; name = F53OSCTimeTag.m; path = ../F53OSC/F53OSCTimeTag.m; sourceTree = "<group>"; };
		84C70EBE2213148A005C49C3 /* NSString+F53OSCString.m */ = {isa = PBXFileReference; fileEncoding = 4; lastKnownFileType = sourcecode.c.objc; name = "NSString+F53OSCString.m"; path = "../F53OSC/NSString+F53OSCString.m"; sourceTree = "<group>"; };
		84C70EBF2213148A005C49C3 /* F53OSCServer.m */ = {isa = PBXFileReference; fileEncoding = 4; lastKnownFileType = sourcecode.c.objc; name = F53OSCServer.m; path = ../F53OSC/F53OSCServer.m; sourceTree = "<group>"; };
		84C70EC02213148A005C49C3 /* F53OSCParser.m */ = {isa = PBXFileReference; fileEncoding = 4; lastKnownFileType = sourcecode.c.objc; name = F53OSCParser.m; path = ../F53OSC/F53OSCParser.m; sourceTree = "<group>"; };
		84C70EC12213148A005C49C3 /* NSNumber+F53OSCNumber.m */ = {isa = PBXFileReference; fileEncoding = 4; lastKnownFileType = sourcecode.c.objc; name = "NSNumber+F53OSCNumber.m"; path = "../F53OSC/NSNumber+F53OSCNumber.m"; sourceTree = "<group>"; };
		84C70EC22213148A005C49C3 /* F53OSCMessage.m */ = {isa = PBXFileReference; fileEncoding = 4; lastKnownFileType = sourcecode.c.objc; name = F53OSCMessage.m; path = ../F53OSC/F53OSCMessage.m; sourceTree = "<group>"; };
		84D7F165217DDF1F0082843F /* MapKit.framework */ = {isa = PBXFileReference; lastKnownFileType = wrapper.framework; name = MapKit.framework; path = System/Library/Frameworks/MapKit.framework; sourceTree = SDKROOT; };
		84E8BC1F28EF223900EF35DD /* Config.xcconfig */ = {isa = PBXFileReference; lastKnownFileType = text.xcconfig; path = Config.xcconfig; sourceTree = "<group>"; };
		84F48CDB1F24B14C00869BF2 /* AppDelegate.swift */ = {isa = PBXFileReference; fileEncoding = 4; lastKnownFileType = sourcecode.swift; name = AppDelegate.swift; path = src/AppDelegate.swift; sourceTree = "<group>"; };
		84F48CDC1F24B14C00869BF2 /* CoreLocationController.swift */ = {isa = PBXFileReference; fileEncoding = 4; lastKnownFileType = sourcecode.swift; name = CoreLocationController.swift; path = src/CoreLocationController.swift; sourceTree = "<group>"; };
		84F48CDD1F24B14C00869BF2 /* Device.swift */ = {isa = PBXFileReference; fileEncoding = 4; lastKnownFileType = sourcecode.swift; name = Device.swift; path = src/Device.swift; sourceTree = "<group>"; };
		84F48CDE1F24B14C00869BF2 /* FirstViewController.swift */ = {isa = PBXFileReference; fileEncoding = 4; lastKnownFileType = sourcecode.swift; name = FirstViewController.swift; path = src/FirstViewController.swift; sourceTree = "<group>"; };
		84F48CDF1F24B14C00869BF2 /* GameManager.swift */ = {isa = PBXFileReference; fileEncoding = 4; lastKnownFileType = sourcecode.swift; name = GameManager.swift; path = src/GameManager.swift; sourceTree = "<group>"; };
		84F48CE01F24B14C00869BF2 /* rwa client-Bridging-Header.h */ = {isa = PBXFileReference; fileEncoding = 4; lastKnownFileType = sourcecode.c.h; name = "rwa client-Bridging-Header.h"; path = "src/rwa client-Bridging-Header.h"; sourceTree = "<group>"; };
		84F48CE11F24B14C00869BF2 /* RwaAsset.swift */ = {isa = PBXFileReference; fileEncoding = 4; lastKnownFileType = sourcecode.swift; name = RwaAsset.swift; path = src/RwaAsset.swift; sourceTree = "<group>"; };
		84F48CE21F24B14C00869BF2 /* RwaEntity.swift */ = {isa = PBXFileReference; fileEncoding = 4; lastKnownFileType = sourcecode.swift; name = RwaEntity.swift; path = src/RwaEntity.swift; sourceTree = "<group>"; };
		84F48CE31F24B14C00869BF2 /* RwaGameLoop.swift */ = {isa = PBXFileReference; fileEncoding = 4; lastKnownFileType = sourcecode.swift; name = RwaGameLoop.swift; path = src/RwaGameLoop.swift; sourceTree = "<group>"; };
		84F48CE41F24B14C00869BF2 /* RwaImport.swift */ = {isa = PBXFileReference; fileEncoding = 4; lastKnownFileType = sourcecode.swift; name = RwaImport.swift; path = src/RwaImport.swift; sourceTree = "<group>"; };
		84F48CE51F24B14C00869BF2 /* RwaScene.swift */ = {isa = PBXFileReference; fileEncoding = 4; lastKnownFileType = sourcecode.swift; name = RwaScene.swift; path = src/RwaScene.swift; sourceTree = "<group>"; };
		84F48CE61F24B14C00869BF2 /* RwaState.swift */ = {isa = PBXFileReference; fileEncoding = 4; lastKnownFileType = sourcecode.swift; name = RwaState.swift; path = src/RwaState.swift; sourceTree = "<group>"; };
		84F48CE71F24B14C00869BF2 /* RwaUtilities.swift */ = {isa = PBXFileReference; fileEncoding = 4; lastKnownFileType = sourcecode.swift; name = RwaUtilities.swift; path = src/RwaUtilities.swift; sourceTree = "<group>"; };
		84F48CE81F24B14C00869BF2 /* SecondViewController.swift */ = {isa = PBXFileReference; fileEncoding = 4; lastKnownFileType = sourcecode.swift; name = SecondViewController.swift; path = src/SecondViewController.swift; sourceTree = "<group>"; };
		84F48CFE1F24B26C00869BF2 /* Assets.xcassets */ = {isa = PBXFileReference; lastKnownFileType = folder.assetcatalog; name = Assets.xcassets; path = src/Assets.xcassets; sourceTree = "<group>"; };
		84F48D031F24B2AB00869BF2 /* Base */ = {isa = PBXFileReference; lastKnownFileType = file.storyboard; name = Base; path = src/Base.lproj/LaunchScreen.storyboard; sourceTree = "<group>"; };
		84F48D051F24B2AB00869BF2 /* Base */ = {isa = PBXFileReference; lastKnownFileType = file.storyboard; name = Base; path = src/Base.lproj/Main.storyboard; sourceTree = "<group>"; };
		84F99CAC1F6046500096B64B /* Info.plist */ = {isa = PBXFileReference; lastKnownFileType = text.plist.xml; name = Info.plist; path = src/Info.plist; sourceTree = "<group>"; };
		BEEF00000000000000000002 /* rwaclientTests.xctest */ = {isa = PBXFileReference; explicitFileType = wrapper.cfbundle; includeInIndex = 0; path = rwaclientTests.xctest; sourceTree = BUILT_PRODUCTS_DIR; };
		BEEF0000000000000000000C /* PdBaseRecorder.swift */ = {isa = PBXFileReference; lastKnownFileType = sourcecode.swift; path = PdBaseRecorder.swift; sourceTree = "<group>"; };
		BEEF0000000000000000000D /* ScenarioRunner.swift */ = {isa = PBXFileReference; lastKnownFileType = sourcecode.swift; path = ScenarioRunner.swift; sourceTree = "<group>"; };
		BEEF0000000000000000000E /* EngineParityTests.swift */ = {isa = PBXFileReference; lastKnownFileType = sourcecode.swift; path = EngineParityTests.swift; sourceTree = "<group>"; };
		BEEF0000000000000000000F /* rwaclientTests-Bridging-Header.h */ = {isa = PBXFileReference; lastKnownFileType = sourcecode.c.h; path = "rwaclientTests-Bridging-Header.h"; sourceTree = "<group>"; };
		BEEF00000000000000000010 /* smoke-background.scenario.json */ = {isa = PBXFileReference; lastKnownFileType = text.json; name = "smoke-background.scenario.json"; path = "scenarios/smoke-background.scenario.json"; sourceTree = "<group>"; };
		BEEF00000000000000000015 /* DeviceTelemetryDecoderTests.swift */ = {isa = PBXFileReference; lastKnownFileType = sourcecode.swift; path = DeviceTelemetryDecoderTests.swift; sourceTree = "<group>"; };
		BEEF00000000000000000017 /* pdmodes.scenario.json */ = {isa = PBXFileReference; lastKnownFileType = text.json; name = pdmodes.scenario.json; path = scenarios/pdmodes.scenario.json; sourceTree = "<group>"; };
		BEEF00000000000000000019 /* TeardownTests.swift */ = {isa = PBXFileReference; lastKnownFileType = sourcecode.swift; path = TeardownTests.swift; sourceTree = "<group>"; };
		BEEF0000000000000000001B /* TelemetryStoreTests.swift */ = {isa = PBXFileReference; lastKnownFileType = sourcecode.swift; path = TelemetryStoreTests.swift; sourceTree = "<group>"; };
		BEEF0000000000000000001D /* RwaImportTests.swift */ = {isa = PBXFileReference; lastKnownFileType = sourcecode.swift; path = RwaImportTests.swift; sourceTree = "<group>"; };
		BEEF00000000000000000030 /* spatial-edge.scenario.json */ = {isa = PBXFileReference; lastKnownFileType = text.json; name = "spatial-edge.scenario.json"; path = "scenarios/spatial-edge.scenario.json"; sourceTree = "<group>"; };
		BEEF00000000000000000041 /* fixtures */ = {isa = PBXFileReference; lastKnownFileType = folder; path = fixtures; sourceTree = "<group>"; };
		E4232CB423D9C09D00E44DE3 /* rwa_binauralsimple~.c */ = {isa = PBXFileReference; fileEncoding = 4; lastKnownFileType = sourcecode.c.c; name = "rwa_binauralsimple~.c"; path = "../vas_library/examples/PureData/rwa_binauralsimple~.c"; sourceTree = "<group>"; };
		E4232CB623D9C12B00E44DE3 /* vas_firobject.c */ = {isa = PBXFileReference; fileEncoding = 4; lastKnownFileType = sourcecode.c.c; name = vas_firobject.c; path = ../vas_library/source/vas_firobject.c; sourceTree = "<group>"; };
		E4232CB823D9C16C00E44DE3 /* vas_fir_list.c */ = {isa = PBXFileReference; fileEncoding = 4; lastKnownFileType = sourcecode.c.c; name = vas_fir_list.c; path = ../vas_library/source/vas_fir_list.c; sourceTree = "<group>"; };
		E4232CBA23D9C20000E44DE3 /* vas_reverb~.c */ = {isa = PBXFileReference; fileEncoding = 4; lastKnownFileType = sourcecode.c.c; name = "vas_reverb~.c"; path = "../vas_library/examples/PureData/vas_reverb~.c"; sourceTree = "<group>"; };
		E45AB4C827CF5E0100D65E93 /* DownloadManager.swift */ = {isa = PBXFileReference; fileEncoding = 4; lastKnownFileType = sourcecode.swift; name = DownloadManager.swift; path = src/DownloadManager.swift; sourceTree = "<group>"; };
		E45AB4C92807220000D65E93 /* ZipExtractor.swift */ = {isa = PBXFileReference; fileEncoding = 4; lastKnownFileType = sourcecode.swift; name = ZipExtractor.swift; path = src/ZipExtractor.swift; sourceTree = "<group>"; };
/* End PBXFileReference section */

/* Begin PBXFrameworksBuildPhase section */
		8436A2681C3156F400A4E328 /* Frameworks */ = {
			isa = PBXFrameworksBuildPhase;
			buildActionMask = 2147483647;
			files = (
				84BD68462211B636005A22B5 /* libpd-ios.a in Frameworks */,
				842212321F939E23004BF9C9 /* Accelerate.framework in Frameworks */,
				84D7F166217DDF1F0082843F /* MapKit.framework in Frameworks */,
			);
			runOnlyForDeploymentPostprocessing = 0;
		};
		BEEF00000000000000000004 /* Frameworks */ = {
			isa = PBXFrameworksBuildPhase;
			buildActionMask = 2147483647;
			files = (
			);
			runOnlyForDeploymentPostprocessing = 0;
		};
/* End PBXFrameworksBuildPhase section */

/* Begin PBXGroup section */
		7E7E1E2000000000000000AA /* Telemetry */ = {
			isa = PBXGroup;
			children = (
				7E7E1E0100000000000000AA /* TelemetryConfig.swift */,
				7E7E1E0200000000000000AA /* TelemetryService.swift */,
				7E7E1E0500000000000000AA /* TelemetryStore.swift */,
				7E7E1E0800000000000000AA /* AppTelemetrySampler.swift */,
				7E7E1E0B00000000000000AA /* TelemetryKeys.swift */,
				7E7E1E0C00000000000000AA /* DeviceTelemetryDecoder.swift */,
				7E7E1E0E00000000000000AA /* TelemetrySource.swift */,
				7E7E1E0400000000000000AA /* Telemetry.plist */,
			);
			name = Telemetry;
			sourceTree = "<group>";
		};
		8411A75128BF685700205E32 /* oggvorbis */ = {
			isa = PBXGroup;
			children = (
				8411A76728BF69DB00205E32 /* analysis.c */,
				8411A75B28BF69DB00205E32 /* bitrate.c */,
				8411A75828BF69DB00205E32 /* block.c */,
				8411A76428BF69DB00205E32 /* codebook.c */,
				8411A76228BF69DB00205E32 /* envelope.c */,
				8411A75A28BF69DB00205E32 /* floor0.c */,
				8411A76C28BF69DB00205E32 /* floor1.c */,
				8411A77028BF69DB00205E32 /* info.c */,
				8411A76828BF69DB00205E32 /* lookup.c */,
				8411A76D28BF69DB00205E32 /* lpc.c */,
				8411A75D28BF69DB00205E32 /* lsp.c */,
				8411A76E28BF69DB00205E32 /* mapping0.c */,
				8411A76328BF69DB00205E32 /* mdct.c */,
				8411A77128BF69DB00205E32 /* misc.c */,
				8411A76028BF69DB00205E32 /* psy.c */,
				8411A76B28BF69DB00205E32 /* registry.c */,
				8411A75E28BF69DB00205E32 /* res0.c */,
				8411A75F28BF69DB00205E32 /* sharedbook.c */,
				8411A75928BF69DB00205E32 /* smallft.c */,
				8411A76F28BF69DB00205E32 /* synthesis.c */,
				8411A76628BF69DB00205E32 /* vorbisenc.c */,
				8411A75C28BF69DB00205E32 /* vorbisfile.c */,
				8411A76528BF69DB00205E32 /* window.c */,
				8411A75728BF68B900205E32 /* ogg.h */,
				8411A75628BF68B900205E32 /* os_types.h */,
				8411A75228BF687700205E32 /* bitwise.c */,
				8411A75328BF687700205E32 /* framing.c */,
			);
			path = oggvorbis;
			sourceTree = "<group>";
		};
		8436A2621C3156F400A4E328 = {
			isa = PBXGroup;
			children = (
				84E8BC1F28EF223900EF35DD /* Config.xcconfig */,
				BEEF0000000000000000000B /* tests */,
				8434F3DF28BF6AFB00B38E82 /* oggread~.c */,
				8411A75128BF685700205E32 /* oggvorbis */,
				84C70EB32212EF20005C49C3 /* PdBase_Extension.m */,
				84A4CE2A221317C70057CBE7 /* PdBase_Extension.h */,
				84BD68372211B624005A22B5 /* libpd.xcodeproj */,
				84C70EB92213148A005C49C3 /* F53OSCBundle.m */,
				84C70EBA2213148A005C49C3 /* F53OSCClient.m */,
				84C70EC22213148A005C49C3 /* F53OSCMessage.m */,
				84C70EB72213148A005C49C3 /* F53OSCPacket.m */,
				84C70EC02213148A005C49C3 /* F53OSCParser.m */,
				84C70EBF2213148A005C49C3 /* F53OSCServer.m */,
				84C70EB62213148A005C49C3 /* F53OSCSocket.m */,
				84C70EBD2213148A005C49C3 /* F53OSCTimeTag.m */,
				84C70EBB2213148A005C49C3 /* GCDAsyncSocket.m */,
				84C70EB52213148A005C49C3 /* GCDAsyncUdpSocket.m */,
				84C70EBC2213148A005C49C3 /* NSData+F53OSCBlob.m */,
				84C70EB82213148A005C49C3 /* NSDate+F53OSCTimeTag.m */,
				84C70EC12213148A005C49C3 /* NSNumber+F53OSCNumber.m */,
				84C70EBE2213148A005C49C3 /* NSString+F53OSCString.m */,
				84C70E9E2212E6D9005C49C3 /* fabian_dir256.txt */,
				8434F3E228BF732500B38E82 /* rwaloopplayermonoogg.pd */,
				8434F3E128BF732500B38E82 /* rwaloopplayerstereoogg.pd */,
				8434F3E328BF732500B38E82 /* rwaplayermonobinauralogg_fabian.pd */,
				8434F3E428BF732500B38E82 /* rwaplayerstereobinauralogg_fabian.pd */,
				84C70EA42212E6DA005C49C3 /* rwabinauralwrappermono.pd */,
				84C70E9F2212E6D9005C49C3 /* rwaloopplayermono.pd */,
				84C70EA32212E6D9005C49C3 /* rwaloopplayerstereo.pd */,
				84C70E9B2212E6D9005C49C3 /* rwaplayer5_1channelbinaural_fabian.pd */,
				84C70EA02212E6D9005C49C3 /* rwaplayer7channelbinaural_fabian.pd */,
				84C70EA52212E6DA005C49C3 /* rwaplayermonobinaural_fabian.pd */,
				84C70EA12212E6D9005C49C3 /* rwaplayerstereobinaural_fabian.pd */,
				84C70E9C2212E6D9005C49C3 /* rwaReferencePatch.pd */,
				84C70EA22212E6D9005C49C3 /* stereoout_biquad.pd */,
				84C70E9D2212E6D9005C49C3 /* stereoout.pd */,
				E4232CB823D9C16C00E44DE3 /* vas_fir_list.c */,
				E4232CB423D9C09D00E44DE3 /* rwa_binauralsimple~.c */,
				E4232CBA23D9C20000E44DE3 /* vas_reverb~.c */,
				84BD68472211B748005A22B5 /* vas_dynamicFirChannel.c */,
				846BDDFC3011841E008E721D /* vas_pdmaxobject.c */,
				846BDDFE30118477008E721D /* vas_fir_read.c */,
				84BD684A2211B748005A22B5 /* vas_fir_binaural.c */,
				E4232CB623D9C12B00E44DE3 /* vas_firobject.c */,
				84BD68482211B748005A22B5 /* vas_fir.c */,
				84BD68492211B748005A22B5 /* vas_gps_util.c */,
				84BD684B2211B749005A22B5 /* vas_mem.c */,
				84BD684C2211B749005A22B5 /* vas_util.c */,
				84C70E962212E48E005C49C3 /* freeverb~.c */,
				84F99CAC1F6046500096B64B /* Info.plist */,
				84F48CFE1F24B26C00869BF2 /* Assets.xcassets */,
				84F48D021F24B2AB00869BF2 /* LaunchScreen.storyboard */,
				84F48D041F24B2AB00869BF2 /* Main.storyboard */,
				E45AB4C827CF5E0100D65E93 /* DownloadManager.swift */,
				E45AB4C92807220000D65E93 /* ZipExtractor.swift */,
				84F48CDB1F24B14C00869BF2 /* AppDelegate.swift */,
				7E7E1E0600000000000000AA /* DeviceHealth.swift */,
				7E7E1E0F00000000000000AA /* PositioningPolicy.swift */,
				84F48CDC1F24B14C00869BF2 /* CoreLocationController.swift */,
				8461E1692120377E00E7DD4F /* RwaLocation.swift */,
				8461E16B21203C4D00E7DD4F /* RwaArea.swift */,
				84F48CDD1F24B14C00869BF2 /* Device.swift */,
				7E7E1E5000000000000000AA /* CasterSettings.swift */,
				84F48CDF1F24B14C00869BF2 /* GameManager.swift */,
				84F48CE01F24B14C00869BF2 /* rwa client-Bridging-Header.h */,
				84F48CE11F24B14C00869BF2 /* RwaAsset.swift */,
				84F48CE21F24B14C00869BF2 /* RwaEntity.swift */,
				84F48CE31F24B14C00869BF2 /* RwaGameLoop.swift */,
				84F48CE41F24B14C00869BF2 /* RwaImport.swift */,
				84F48CE51F24B14C00869BF2 /* RwaScene.swift */,
				84F48CE61F24B14C00869BF2 /* RwaState.swift */,
				84F48CE71F24B14C00869BF2 /* RwaUtilities.swift */,
				7E7E1E2000000000000000AA /* Telemetry */,
				84F76B511F24A47000A05F3F /* ViewController */,
				8436A26C1C3156F400A4E328 /* Products */,
				84C4C5551F23730B001C5824 /* Frameworks */,
			);
			sourceTree = "<group>";
		};
		8436A26C1C3156F400A4E328 /* Products */ = {
			isa = PBXGroup;
			children = (
				8436A26B1C3156F400A4E328 /* rwa-client.app */,
				BEEF00000000000000000002 /* rwaclientTests.xctest */,
			);
			name = Products;
			sourceTree = "<group>";
		};
		84BD68382211B624005A22B5 /* Products */ = {
			isa = PBXGroup;
			children = (
				84BD683F2211B624005A22B5 /* libpd-ios.a */,
				84BD68412211B624005A22B5 /* libpd-osx.a */,
				84BD68432211B624005A22B5 /* libpd-ios-multi.a */,
				84BD68452211B624005A22B5 /* libpd-osx-multi.a */,
			);
			name = Products;
			sourceTree = "<group>";
		};
		84C4C5551F23730B001C5824 /* Frameworks */ = {
			isa = PBXGroup;
			children = (
				84D7F165217DDF1F0082843F /* MapKit.framework */,
				842212311F939E23004BF9C9 /* Accelerate.framework */,
			);
			name = Frameworks;
			sourceTree = "<group>";
		};
		84F76B511F24A47000A05F3F /* ViewController */ = {
			isa = PBXGroup;
			children = (
				84F48CDE1F24B14C00869BF2 /* FirstViewController.swift */,
				84F48CE81F24B14C00869BF2 /* SecondViewController.swift */,
				8429C290215BB68700D2E5E0 /* MapViewController.swift */,
				7E7E1E0700000000000000AA /* AboutViewController.swift */,
				7E7E1E0900000000000000AA /* SettingsViewController.swift */,
				7E7E1E0A00000000000000AA /* ControlViewController.swift */,
				7E7E1E0D00000000000000AA /* ProvisioningLoader.swift */,
				7E7E1E4000000000000000AA /* HeadtrackerManager.swift */,
			);
			name = ViewController;
			sourceTree = "<group>";
		};
		BEEF0000000000000000000B /* tests */ = {
			isa = PBXGroup;
			children = (
				BEEF0000000000000000000C /* PdBaseRecorder.swift */,
				BEEF0000000000000000000D /* ScenarioRunner.swift */,
				BEEF0000000000000000000E /* EngineParityTests.swift */,
				BEEF00000000000000000015 /* DeviceTelemetryDecoderTests.swift */,
				BEEF00000000000000000019 /* TeardownTests.swift */,
				BEEF0000000000000000001B /* TelemetryStoreTests.swift */,
				BEEF0000000000000000001D /* RwaImportTests.swift */,
				BEEF0000000000000000000F /* rwaclientTests-Bridging-Header.h */,
				BEEF00000000000000000010 /* smoke-background.scenario.json */,
				BEEF00000000000000000017 /* pdmodes.scenario.json */,
				BEEF00000000000000000030 /* spatial-edge.scenario.json */,
				BEEF00000000000000000041 /* fixtures */,
			);
			path = tests;
			sourceTree = "<group>";
		};
/* End PBXGroup section */

/* Begin PBXNativeTarget section */
		8436A26A1C3156F400A4E328 /* rwa-client */ = {
			isa = PBXNativeTarget;
			buildConfigurationList = 8436A27F1C3156F400A4E328 /* Build configuration list for PBXNativeTarget "rwa-client" */;
			buildPhases = (
				8436A2671C3156F400A4E328 /* Sources */,
				8436A2681C3156F400A4E328 /* Frameworks */,
				8436A2691C3156F400A4E328 /* Resources */,
				849A0FD11C4BC7F800AAEEDC /* ShellScript */,
				7E7E1E3000000000000000AA /* Embed git hash */,
			);
			buildRules = (
			);
			dependencies = (
				84203DF128ED98090067F13F /* PBXTargetDependency */,
			);
			name = "rwa-client";
			packageProductDependencies = (
			);
			productName = "rwa client";
			productReference = 8436A26B1C3156F400A4E328 /* rwa-client.app */;
			productType = "com.apple.product-type.application";
		};
		BEEF00000000000000000001 /* rwaclientTests */ = {
			isa = PBXNativeTarget;
			buildConfigurationList = BEEF00000000000000000006 /* Build configuration list for PBXNativeTarget "rwaclientTests" */;
			buildPhases = (
				BEEF00000000000000000003 /* Sources */,
				BEEF00000000000000000004 /* Frameworks */,
				BEEF00000000000000000005 /* Resources */,
				BEEF00000000000000000040 /* Copy game fixtures */,
			);
			buildRules = (
			);
			dependencies = (
				BEEF0000000000000000000A /* PBXTargetDependency */,
			);
			name = rwaclientTests;
			productName = rwaclientTests;
			productReference = BEEF00000000000000000002 /* rwaclientTests.xctest */;
			productType = "com.apple.product-type.bundle.unit-test";
		};
/* End PBXNativeTarget section */

/* Begin PBXProject section */
		8436A2631C3156F400A4E328 /* Project object */ = {
			isa = PBXProject;
			attributes = {
				LastSwiftUpdateCheck = 0720;
				LastUpgradeCheck = 0720;
				ORGANIZATIONNAME = "beryllium design";
				TargetAttributes = {
					8436A26A1C3156F400A4E328 = {
						CreatedOnToolsVersion = 7.2;
						LastSwiftMigration = 0820;
						ProvisioningStyle = Automatic;
						SystemCapabilities = {
							com.apple.BackgroundModes = {
								enabled = 1;
							};
							com.apple.Maps.iOS = {
								enabled = 1;
							};
						};
					};
					BEEF00000000000000000001 = {
						CreatedOnToolsVersion = 16.2;
						ProvisioningStyle = Automatic;
						TestTargetID = 8436A26A1C3156F400A4E328;
					};
				};
			};
			buildConfigurationList = 8436A2661C3156F400A4E328 /* Build configuration list for PBXProject "rwaclient" */;
			compatibilityVersion = "Xcode 3.2";
			developmentRegion = English;
			hasScannedForEncodings = 0;
			knownRegions = (
				English,
				en,
				Base,
			);
			mainGroup = 8436A2621C3156F400A4E328;
			packageReferences = (
			);
			productRefGroup = 8436A26C1C3156F400A4E328 /* Products */;
			projectDirPath = "";
			projectReferences = (
				{
					ProductGroup = 84BD68382211B624005A22B5 /* Products */;
					ProjectRef = 84BD68372211B624005A22B5 /* libpd.xcodeproj */;
				},
			);
			projectRoot = "";
			targets = (
				8436A26A1C3156F400A4E328 /* rwa-client */,
				BEEF00000000000000000001 /* rwaclientTests */,
			);
		};
/* End PBXProject section */

/* Begin PBXReferenceProxy section */
		84BD683F2211B624005A22B5 /* libpd-ios.a */ = {
			isa = PBXReferenceProxy;
			fileType = archive.ar;
			path = "libpd-ios.a";
			remoteRef = 84BD683E2211B624005A22B5 /* PBXContainerItemProxy */;
			sourceTree = BUILT_PRODUCTS_DIR;
		};
		84BD68412211B624005A22B5 /* libpd-osx.a */ = {
			isa = PBXReferenceProxy;
			fileType = archive.ar;
			path = "libpd-osx.a";
			remoteRef = 84BD68402211B624005A22B5 /* PBXContainerItemProxy */;
			sourceTree = BUILT_PRODUCTS_DIR;
		};
		84BD68432211B624005A22B5 /* libpd-ios-multi.a */ = {
			isa = PBXReferenceProxy;
			fileType = archive.ar;
			path = "libpd-ios-multi.a";
			remoteRef = 84BD68422211B624005A22B5 /* PBXContainerItemProxy */;
			sourceTree = BUILT_PRODUCTS_DIR;
		};
		84BD68452211B624005A22B5 /* libpd-osx-multi.a */ = {
			isa = PBXReferenceProxy;
			fileType = archive.ar;
			path = "libpd-osx-multi.a";
			remoteRef = 84BD68442211B624005A22B5 /* PBXContainerItemProxy */;
			sourceTree = BUILT_PRODUCTS_DIR;
		};
/* End PBXReferenceProxy section */

/* Begin PBXResourcesBuildPhase section */
		8436A2691C3156F400A4E328 /* Resources */ = {
			isa = PBXResourcesBuildPhase;
			buildActionMask = 2147483647;
			files = (
				8434F3E628BF732500B38E82 /* rwaloopplayermonoogg.pd in Resources */,
				8434F3E728BF732500B38E82 /* rwaplayermonobinauralogg_fabian.pd in Resources */,
				8434F3E828BF732500B38E82 /* rwaplayerstereobinauralogg_fabian.pd in Resources */,
				84C70EA62212E6DA005C49C3 /* rwaplayer5_1channelbinaural_fabian.pd in Resources */,
				84C70EA72212E6DA005C49C3 /* rwaReferencePatch.pd in Resources */,
				84C70EA82212E6DA005C49C3 /* stereoout.pd in Resources */,
				84C70EA92212E6DA005C49C3 /* fabian_dir256.txt in Resources */,
				84C70EAA2212E6DA005C49C3 /* rwaloopplayermono.pd in Resources */,
				84C70EAB2212E6DA005C49C3 /* rwaplayer7channelbinaural_fabian.pd in Resources */,
				84C70EAC2212E6DA005C49C3 /* rwaplayerstereobinaural_fabian.pd in Resources */,
				8434F3E528BF732500B38E82 /* rwaloopplayerstereoogg.pd in Resources */,
				84C70EAD2212E6DA005C49C3 /* stereoout_biquad.pd in Resources */,
				84C70EAE2212E6DA005C49C3 /* rwaloopplayerstereo.pd in Resources */,
				84C70EAF2212E6DA005C49C3 /* rwabinauralwrappermono.pd in Resources */,
				84E8BC2028EF223900EF35DD /* Config.xcconfig in Resources */,
				84C70EB02212E6DA005C49C3 /* rwaplayermonobinaural_fabian.pd in Resources */,
				84F48D061F24B2AB00869BF2 /* LaunchScreen.storyboard in Resources */,
				84F48D001F24B26C00869BF2 /* Assets.xcassets in Resources */,
				84F48D071F24B2AB00869BF2 /* Main.storyboard in Resources */,
				7E7E1E1400000000000000AA /* Telemetry.plist in Resources */,
			);
			runOnlyForDeploymentPostprocessing = 0;
		};
		BEEF00000000000000000005 /* Resources */ = {
			isa = PBXResourcesBuildPhase;
			buildActionMask = 2147483647;
			files = (
				BEEF00000000000000000014 /* smoke-background.scenario.json in Resources */,
				BEEF00000000000000000018 /* pdmodes.scenario.json in Resources */,
				BEEF00000000000000000031 /* spatial-edge.scenario.json in Resources */,
			);
			runOnlyForDeploymentPostprocessing = 0;
		};
/* End PBXResourcesBuildPhase section */

/* Begin PBXShellScriptBuildPhase section */
		7E7E1E3000000000000000AA /* Embed git hash */ = {
			isa = PBXShellScriptBuildPhase;
			buildActionMask = 2147483647;
			files = (
			);
			inputPaths = (
			);
			name = "Embed git hash";
			outputPaths = (
			);
			runOnlyForDeploymentPostprocessing = 0;
			shellPath = /bin/sh;
			shellScript = "GIT_HASH=$(git -C \"${SRCROOT}\" rev-parse --short HEAD 2>/dev/null || echo unknown)\nPLIST=\"${TARGET_BUILD_DIR}/${INFOPLIST_PATH}\"\nif [ -f \"$PLIST\" ]; then\n  /usr/libexec/PlistBuddy -c \"Set :GitCommitHash $GIT_HASH\" \"$PLIST\" 2>/dev/null || /usr/libexec/PlistBuddy -c \"Add :GitCommitHash string $GIT_HASH\" \"$PLIST\"\nfi\n";
		};
		849A0FD11C4BC7F800AAEEDC /* ShellScript */ = {
			isa = PBXShellScriptBuildPhase;
			buildActionMask = 12;
			files = (
			);
			inputPaths = (
			);
			outputPaths = (
			);
			runOnlyForDeploymentPostprocessing = 0;
			shellPath = /bin/sh;
			shellScript = "find -L \"${PROJECT_DIR}/../rwaGames\" \\\n-type f -not -name \".*\" \\\n| xargs -t -I {} \\\nrsync -auv {} ${CONFIGURATION_BUILD_DIR}/${UNLOCALIZED_RESOURCES_FOLDER_PATH}/\n";
		};
		BEEF00000000000000000040 /* Copy game fixtures */ = {
			isa = PBXShellScriptBuildPhase;
			buildActionMask = 2147483647;
			files = (
			);
			inputPaths = (
			);
			name = "Copy game fixtures";
			outputPaths = (
			);
			runOnlyForDeploymentPostprocessing = 0;
			shellPath = /bin/sh;
			shellScript = "set -e\n# Game fixtures for the parity tests live in the TEST bundle, not the app\n# bundle: everything under rwaGames/ is copied to the phone on install (and\n# from there into Documents), so a fixture shipped with the app shows up in\n# the operator's game list forever. Copied nested (one directory per game,\n# keeping its own assets/) rather than flat like the app phase, so asset\n# basenames cannot collide between fixtures.\n# TARGET_BUILD_DIR, not CONFIGURATION_BUILD_DIR: a test bundle hosted in the\n# app is built into rwa-client.app/PlugIns/, and only the former points there.\nDEST=\"${TARGET_BUILD_DIR}/${UNLOCALIZED_RESOURCES_FOLDER_PATH}/games\"\nrm -rf \"${DEST}\"\nmkdir -p \"${DEST}\"\nrsync -a --exclude=\".*\" --exclude=\"tilecache\" \"${PROJECT_DIR}/tests/fixtures/\" \"${DEST}/\"\n# rwatest is a real game and stays in rwaGames/ (it ships with the app); the\n# smoke-background scenario replays it, so the test bundle gets a copy too.\nrsync -a --exclude=\".*\" \"${PROJECT_DIR}/../rwaGames/rwatest\" \"${DEST}/\"\n";
		};
/* End PBXShellScriptBuildPhase section */

/* Begin PBXSourcesBuildPhase section */
		8436A2671C3156F400A4E328 /* Sources */ = {
			isa = PBXSourcesBuildPhase;
			buildActionMask = 2147483647;
			files = (
				84F48CF01F24B14C00869BF2 /* RwaEntity.swift in Sources */,
				8411A78B28BF69DB00205E32 /* misc.c in Sources */,
				8411A78928BF69DB00205E32 /* synthesis.c in Sources */,
				84F48CEF1F24B14C00869BF2 /* RwaAsset.swift in Sources */,
				8411A77D28BF69DB00205E32 /* mdct.c in Sources */,
				84C70ECE2213148A005C49C3 /* F53OSCParser.m in Sources */,
				8411A77328BF69DB00205E32 /* smallft.c in Sources */,
				84F48CEE1F24B14C00869BF2 /* GameManager.swift in Sources */,
				84C70EC82213148A005C49C3 /* F53OSCClient.m in Sources */,
				8411A75428BF687700205E32 /* bitwise.c in Sources */,
				846BDDFD3011841E008E721D /* vas_pdmaxobject.c in Sources */,
				84C70ED02213148A005C49C3 /* F53OSCMessage.m in Sources */,
				E4232CB923D9C16D00E44DE3 /* vas_fir_list.c in Sources */,
				8411A78128BF69DB00205E32 /* analysis.c in Sources */,
				846BDDFF30118477008E721D /* vas_fir_read.c in Sources */,
				84C70EC42213148A005C49C3 /* F53OSCSocket.m in Sources */,
				84F48CEA1F24B14C00869BF2 /* AppDelegate.swift in Sources */,
				8411A77428BF69DB00205E32 /* floor0.c in Sources */,
				8411A77928BF69DB00205E32 /* sharedbook.c in Sources */,
				84F48CF61F24B14C00869BF2 /* SecondViewController.swift in Sources */,
				8411A77828BF69DB00205E32 /* res0.c in Sources */,
				84BD684E2211B749005A22B5 /* vas_fir.c in Sources */,
				84F48CEC1F24B14C00869BF2 /* Device.swift in Sources */,
				8411A78528BF69DB00205E32 /* registry.c in Sources */,
				84C70ECC2213148A005C49C3 /* NSString+F53OSCString.m in Sources */,
				84C70ECD2213148A005C49C3 /* F53OSCServer.m in Sources */,
				8411A77228BF69DB00205E32 /* block.c in Sources */,
				E4232CB723D9C12B00E44DE3 /* vas_firobject.c in Sources */,
				84F48CF51F24B14C00869BF2 /* RwaUtilities.swift in Sources */,
				84C70EC72213148A005C49C3 /* F53OSCBundle.m in Sources */,
				8411A78228BF69DB00205E32 /* lookup.c in Sources */,
				8411A78828BF69DB00205E32 /* mapping0.c in Sources */,
				84F48CF11F24B14C00869BF2 /* RwaGameLoop.swift in Sources */,
				84C70ECB2213148A005C49C3 /* F53OSCTimeTag.m in Sources */,
				8461E16A2120377E00E7DD4F /* RwaLocation.swift in Sources */,
				8411A77628BF69DB00205E32 /* vorbisfile.c in Sources */,
				84C70EB42212EF20005C49C3 /* PdBase_Extension.m in Sources */,
				84F48CF41F24B14C00869BF2 /* RwaState.swift in Sources */,
				8429C291215BB68700D2E5E0 /* MapViewController.swift in Sources */,
				8411A78628BF69DB00205E32 /* floor1.c in Sources */,
				84C70E972212E48E005C49C3 /* freeverb~.c in Sources */,
				84C70EC32213148A005C49C3 /* GCDAsyncUdpSocket.m in Sources */,
				84C70EC62213148A005C49C3 /* NSDate+F53OSCTimeTag.m in Sources */,
				8411A77C28BF69DB00205E32 /* envelope.c in Sources */,
				84C70EC52213148A005C49C3 /* F53OSCPacket.m in Sources */,
				84C70EC92213148A005C49C3 /* GCDAsyncSocket.m in Sources */,
				84BD684D2211B749005A22B5 /* vas_dynamicFirChannel.c in Sources */,
				8411A77F28BF69DB00205E32 /* window.c in Sources */,
				8411A77A28BF69DB00205E32 /* psy.c in Sources */,
				8411A77E28BF69DB00205E32 /* codebook.c in Sources */,
				8411A78028BF69DB00205E32 /* vorbisenc.c in Sources */,
				8411A78728BF69DB00205E32 /* lpc.c in Sources */,
				84BD68502211B749005A22B5 /* vas_fir_binaural.c in Sources */,
				8411A75528BF687700205E32 /* framing.c in Sources */,
				8461E16C21203C4D00E7DD4F /* RwaArea.swift in Sources */,
				8411A78A28BF69DB00205E32 /* info.c in Sources */,
				84C70ECF2213148A005C49C3 /* NSNumber+F53OSCNumber.m in Sources */,
				8434F3E028BF6AFB00B38E82 /* oggread~.c in Sources */,
				84BD68512211B749005A22B5 /* vas_mem.c in Sources */,
				84F48CF31F24B14C00869BF2 /* RwaScene.swift in Sources */,
				84F48CEB1F24B14C00869BF2 /* CoreLocationController.swift in Sources */,
				E45AB4CD27CF5E0100D65E93 /* DownloadManager.swift in Sources */,
				E45AB4CE2807220000D65E93 /* ZipExtractor.swift in Sources */,
				7E7E1E1100000000000000AA /* TelemetryConfig.swift in Sources */,
				7E7E1E1200000000000000AA /* TelemetryService.swift in Sources */,
				7E7E1E1500000000000000AA /* TelemetryStore.swift in Sources */,
				7E7E1E1800000000000000AA /* AppTelemetrySampler.swift in Sources */,
				7E7E1E1900000000000000AA /* SettingsViewController.swift in Sources */,
				7E7E1E1A00000000000000AA /* ControlViewController.swift in Sources */,
				7E7E1E1D00000000000000AA /* ProvisioningLoader.swift in Sources */,
				7E7E1E4100000000000000AA /* HeadtrackerManager.swift in Sources */,
				7E7E1E5100000000000000AA /* CasterSettings.swift in Sources */,
				7E7E1E1600000000000000AA /* DeviceHealth.swift in Sources */,
				7E7E1E1700000000000000AA /* AboutViewController.swift in Sources */,
				7E7E1E1B00000000000000AA /* TelemetryKeys.swift in Sources */,
				7E7E1E1C00000000000000AA /* DeviceTelemetryDecoder.swift in Sources */,
				7E7E1E1E00000000000000AA /* TelemetrySource.swift in Sources */,
				7E7E1E1F00000000000000AA /* PositioningPolicy.swift in Sources */,
				84C70ECA2213148A005C49C3 /* NSData+F53OSCBlob.m in Sources */,
				84F48CF21F24B14C00869BF2 /* RwaImport.swift in Sources */,
				8411A77528BF69DB00205E32 /* bitrate.c in Sources */,
				84F48CED1F24B14C00869BF2 /* FirstViewController.swift in Sources */,
				E4232CB523D9C09D00E44DE3 /* rwa_binauralsimple~.c in Sources */,
				E4232CBB23D9C20000E44DE3 /* vas_reverb~.c in Sources */,
				8411A77728BF69DB00205E32 /* lsp.c in Sources */,
				84BD684F2211B749005A22B5 /* vas_gps_util.c in Sources */,
				84BD68522211B749005A22B5 /* vas_util.c in Sources */,
			);
			runOnlyForDeploymentPostprocessing = 0;
		};
		BEEF00000000000000000003 /* Sources */ = {
			isa = PBXSourcesBuildPhase;
			buildActionMask = 2147483647;
			files = (
				BEEF00000000000000000011 /* PdBaseRecorder.swift in Sources */,
				BEEF00000000000000000012 /* ScenarioRunner.swift in Sources */,
				BEEF00000000000000000013 /* EngineParityTests.swift in Sources */,
				BEEF00000000000000000016 /* DeviceTelemetryDecoderTests.swift in Sources */,
				BEEF0000000000000000001A /* TeardownTests.swift in Sources */,
				BEEF0000000000000000001C /* TelemetryStoreTests.swift in Sources */,
				BEEF0000000000000000001E /* RwaImportTests.swift in Sources */,
			);
			runOnlyForDeploymentPostprocessing = 0;
		};
/* End PBXSourcesBuildPhase section */

/* Begin PBXTargetDependency section */
		84203DF128ED98090067F13F /* PBXTargetDependency */ = {
			isa = PBXTargetDependency;
			name = "libpd-ios";
			targetProxy = 84203DF028ED98090067F13F /* PBXContainerItemProxy */;
		};
		BEEF0000000000000000000A /* PBXTargetDependency */ = {
			isa = PBXTargetDependency;
			target = 8436A26A1C3156F400A4E328 /* rwa-client */;
			targetProxy = BEEF00000000000000000009 /* PBXContainerItemProxy */;
		};
/* End PBXTargetDependency section */

/* Begin PBXVariantGroup section */
		84F48D021F24B2AB00869BF2 /* LaunchScreen.storyboard */ = {
			isa = PBXVariantGroup;
			children = (
				84F48D031F24B2AB00869BF2 /* Base */,
			);
			name = LaunchScreen.storyboard;
			sourceTree = "<group>";
		};
		84F48D041F24B2AB00869BF2 /* Main.storyboard */ = {
			isa = PBXVariantGroup;
			children = (
				84F48D051F24B2AB00869BF2 /* Base */,
			);
			name = Main.storyboard;
			sourceTree = "<group>";
		};
/* End PBXVariantGroup section */

/* Begin XCBuildConfiguration section */
		8436A27D1C3156F400A4E328 /* Debug */ = {
			isa = XCBuildConfiguration;
			buildSettings = {
				ALWAYS_SEARCH_USER_PATHS = NO;
				ASSETCATALOG_COMPILER_GLOBAL_ACCENT_COLOR_NAME = "RWA Accent";
				CLANG_CXX_LANGUAGE_STANDARD = "gnu++0x";
				CLANG_CXX_LIBRARY = "libc++";
				CLANG_ENABLE_MODULES = YES;
				CLANG_ENABLE_OBJC_ARC = YES;
				CLANG_WARN_BOOL_CONVERSION = YES;
				CLANG_WARN_CONSTANT_CONVERSION = YES;
				CLANG_WARN_DIRECT_OBJC_ISA_USAGE = YES_ERROR;
				CLANG_WARN_EMPTY_BODY = YES;
				CLANG_WARN_ENUM_CONVERSION = YES;
				CLANG_WARN_INT_CONVERSION = YES;
				CLANG_WARN_OBJC_ROOT_CLASS = YES_ERROR;
				CLANG_WARN_UNREACHABLE_CODE = YES;
				CLANG_WARN__DUPLICATE_METHOD_MATCH = YES;
				"CODE_SIGN_IDENTITY[sdk=iphoneos*]" = "iPhone Developer";
				COPY_PHASE_STRIP = NO;
				DEBUG_INFORMATION_FORMAT = dwarf;
				ENABLE_STRICT_OBJC_MSGSEND = YES;
				ENABLE_TESTABILITY = YES;
				GCC_C_LANGUAGE_STANDARD = gnu99;
				GCC_DYNAMIC_NO_PIC = NO;
				GCC_NO_COMMON_BLOCKS = YES;
				GCC_OPTIMIZATION_LEVEL = fast;
				GCC_PREPROCESSOR_DEFINITIONS = (
					"DEBUG=1",
					"$(inherited)",
				);
				GCC_WARN_64_TO_32_BIT_CONVERSION = YES;
				GCC_WARN_ABOUT_RETURN_TYPE = YES_ERROR;
				GCC_WARN_UNDECLARED_SELECTOR = YES;
				GCC_WARN_UNINITIALIZED_AUTOS = YES_AGGRESSIVE;
				GCC_WARN_UNUSED_FUNCTION = YES;
				GCC_WARN_UNUSED_VARIABLE = YES;
				HEADER_SEARCH_PATHS = (
					"\"$(SRCROOT)/../libogg/include\"/**",
					"\"$(SRCROOT)/../libogg/include/ogg\"",
				);
				IPHONEOS_DEPLOYMENT_TARGET = 9.1;
				MTL_ENABLE_DEBUG_INFO = YES;
				ONLY_ACTIVE_ARCH = YES;
				OTHER_LDFLAGS = "$(inherited)";
				SDKROOT = iphoneos;
				SWIFT_OPTIMIZATION_LEVEL = "-Onone";
			};
			name = Debug;
		};
		8436A27E1C3156F400A4E328 /* Release */ = {
			isa = XCBuildConfiguration;
			buildSettings = {
				ALWAYS_SEARCH_USER_PATHS = NO;
				ASSETCATALOG_COMPILER_GLOBAL_ACCENT_COLOR_NAME = "RWA Accent";
				CLANG_CXX_LANGUAGE_STANDARD = "gnu++0x";
				CLANG_CXX_LIBRARY = "libc++";
				CLANG_ENABLE_MODULES = YES;
				CLANG_ENABLE_OBJC_ARC = YES;
				CLANG_WARN_BOOL_CONVERSION = YES;
				CLANG_WARN_CONSTANT_CONVERSION = YES;
				CLANG_WARN_DIRECT_OBJC_ISA_USAGE = YES_ERROR;
				CLANG_WARN_EMPTY_BODY = YES;
				CLANG_WARN_ENUM_CONVERSION = YES;
				CLANG_WARN_INT_CONVERSION = YES;
				CLANG_WARN_OBJC_ROOT_CLASS = YES_ERROR;
				CLANG_WARN_UNREACHABLE_CODE = YES;
				CLANG_WARN__DUPLICATE_METHOD_MATCH = YES;
				"CODE_SIGN_IDENTITY[sdk=iphoneos*]" = "iPhone Developer";
				COPY_PHASE_STRIP = NO;
				DEBUG_INFORMATION_FORMAT = "dwarf-with-dsym";
				ENABLE_NS_ASSERTIONS = NO;
				ENABLE_STRICT_OBJC_MSGSEND = YES;
				GCC_C_LANGUAGE_STANDARD = gnu99;
				GCC_NO_COMMON_BLOCKS = YES;
				GCC_OPTIMIZATION_LEVEL = fast;
				GCC_WARN_64_TO_32_BIT_CONVERSION = YES;
				GCC_WARN_ABOUT_RETURN_TYPE = YES_ERROR;
				GCC_WARN_UNDECLARED_SELECTOR = YES;
				GCC_WARN_UNINITIALIZED_AUTOS = YES_AGGRESSIVE;
				GCC_WARN_UNUSED_FUNCTION = YES;
				GCC_WARN_UNUSED_VARIABLE = YES;
				HEADER_SEARCH_PATHS = (
					"\"$(SRCROOT)/../libogg/include\"/**",
					"\"$(SRCROOT)/../libogg/include/ogg\"",
				);
				IPHONEOS_DEPLOYMENT_TARGET = 9.1;
				MTL_ENABLE_DEBUG_INFO = NO;
				ONLY_ACTIVE_ARCH = YES;
				OTHER_LDFLAGS = "$(inherited)";
				SDKROOT = iphoneos;
				VALIDATE_PRODUCT = YES;
			};
			name = Release;
		};
		8436A2801C3156F400A4E328 /* Debug */ = {
			isa = XCBuildConfiguration;
			baseConfigurationReference = 84E8BC1F28EF223900EF35DD /* Config.xcconfig */;
			buildSettings = {
				ASSETCATALOG_COMPILER_APPICON_NAME = "RWA App Icon";
				CLANG_ENABLE_MODULES = YES;
				CODE_SIGN_IDENTITY = "Apple Development";
				CODE_SIGN_STYLE = Automatic;
				GCC_PREPROCESSOR_DEFINITIONS = PUREDATA;
				GCC_WARN_64_TO_32_BIT_CONVERSION = NO;
				GCC_WARN_MISSING_PARENTHESES = NO;
				GCC_WARN_UNUSED_VARIABLE = NO;
				HEADER_SEARCH_PATHS = (
					"\"$(SRCROOT)/../libogg/include/ogg\"",
					"\"$(SRCROOT)/../libogg/include\"",
					"\"$(SRCROOT)/../vorbis/include\"/**",
					"\"$(SRCROOT)/../vorbis/lib\"/**",
				);
				INFOPLIST_FILE = src/Info.plist;
				INFOPLIST_KEY_CFBundleDisplayName = "RWA Player";
				INFOPLIST_KEY_LSApplicationCategoryType = "public.app-category.music-games";
				IPHONEOS_DEPLOYMENT_TARGET = 16.2;
				LD_RUNPATH_SEARCH_PATHS = "$(inherited) @executable_path/Frameworks";
				LIBRARY_SEARCH_PATHS = "$(PROJECT_DIR)/libs";
				MARKETING_VERSION = 1.3.20;
				ONLY_ACTIVE_ARCH = YES;
				OTHER_CFLAGS = (
					"-DPD",
					"-DHAVE_UNISTD_H",
					"-DHAVE_ALLOCA_H",
					"-DUSEAPI_DUMMY",
				);
				OTHER_LDFLAGS = "$(inherited)";
				PRODUCT_BUNDLE_IDENTIFIER = com.fhnw.rwa.player;
				PRODUCT_NAME = "$(TARGET_NAME)";
				PROVISIONING_PROFILE = "";
				PROVISIONING_PROFILE_SPECIFIER = "";
				SWIFT_OBJC_BRIDGING_HEADER = "src/rwa client-Bridging-Header.h";
				SWIFT_OPTIMIZATION_LEVEL = "-Onone";
				SWIFT_VERSION = 4.0;
				USER_HEADER_SEARCH_PATHS = "\"$(SRCROOT)/../../F53OSC-master\" \"$(SRCROOT)/libs\"/** \"$(SRCROOT)/../vas_library\"/** \"$(SRCROOT)/../libpd/pure-data/src\" \"$(SRCROOT)/../vas_library/examples/PureData/raw_binauralsimple~\" \"$(SRCROOT)/../F53OSC\" \"$(SRCROOT)/../libpd/libpd_wrapper\" \"$(SRCROOT)/../libpd/libpd_wrapper/util\" \"$(SRCROOT)/../libpd/objc\"";
			};
			name = Debug;
		};
		8436A2811C3156F400A4E328 /* Release */ = {
			isa = XCBuildConfiguration;
			baseConfigurationReference = 84E8BC1F28EF223900EF35DD /* Config.xcconfig */;
			buildSettings = {
				ASSETCATALOG_COMPILER_APPICON_NAME = "RWA App Icon";
				CLANG_ENABLE_MODULES = YES;
				CODE_SIGN_IDENTITY = "Apple Development";
				CODE_SIGN_STYLE = Automatic;
				GCC_PREPROCESSOR_DEFINITIONS = PUREDATA;
				GCC_WARN_64_TO_32_BIT_CONVERSION = NO;
				GCC_WARN_MISSING_PARENTHESES = NO;
				GCC_WARN_UNUSED_VARIABLE = NO;
				HEADER_SEARCH_PATHS = (
					"\"$(SRCROOT)/../libogg/include/ogg\"",
					"\"$(SRCROOT)/../libogg/include\"",
					"\"$(SRCROOT)/../vorbis/include\"/**",
					"\"$(SRCROOT)/../vorbis/lib\"/**",
				);
				INFOPLIST_FILE = src/Info.plist;
				INFOPLIST_KEY_CFBundleDisplayName = "RWA Player";
				INFOPLIST_KEY_LSApplicationCategoryType = "public.app-category.music-games";
				IPHONEOS_DEPLOYMENT_TARGET = 16.2;
				LD_RUNPATH_SEARCH_PATHS = "$(inherited) @executable_path/Frameworks";
				LIBRARY_SEARCH_PATHS = "$(PROJECT_DIR)/libs";
				MARKETING_VERSION = 1.3.20;
				ONLY_ACTIVE_ARCH = YES;
				OTHER_CFLAGS = (
					"-DPD",
					"-DHAVE_UNISTD_H",
					"-DHAVE_ALLOCA_H",
					"-DUSEAPI_DUMMY",
				);
				OTHER_LDFLAGS = "$(inherited)";
				PRODUCT_BUNDLE_IDENTIFIER = com.fhnw.rwa.player;
				PRODUCT_NAME = "$(TARGET_NAME)";
				PROVISIONING_PROFILE = "";
				PROVISIONING_PROFILE_SPECIFIER = "";
				SWIFT_OBJC_BRIDGING_HEADER = "src/rwa client-Bridging-Header.h";
				SWIFT_VERSION = 4.0;
				USER_HEADER_SEARCH_PATHS = "\"$(SRCROOT)/../../F53OSC-master\" \"$(SRCROOT)/libs\"/** \"$(SRCROOT)/../vas_library\"/** \"$(SRCROOT)/../libpd/pure-data/src\" \"$(SRCROOT)/../vas_library/examples/PureData/raw_binauralsimple~\" \"$(SRCROOT)/../F53OSC\" \"$(SRCROOT)/../libpd/libpd_wrapper\" \"$(SRCROOT)/../libpd/libpd_wrapper/util\" \"$(SRCROOT)/../libpd/objc\"";
			};
			name = Release;
		};
		BEEF00000000000000000007 /* Debug */ = {
			isa = XCBuildConfiguration;
			baseConfigurationReference = 84E8BC1F28EF223900EF35DD /* Config.xcconfig */;
			buildSettings = {
				ALWAYS_SEARCH_USER_PATHS = NO;
				BUNDLE_LOADER = "$(TEST_HOST)";
				CLANG_ENABLE_MODULES = YES;
				CODE_SIGN_STYLE = Automatic;
				CURRENT_PROJECT_VERSION = 1;
				GCC_PREPROCESSOR_DEFINITIONS = PUREDATA;
				GENERATE_INFOPLIST_FILE = YES;
				HEADER_SEARCH_PATHS = (
					"\"$(SRCROOT)/../libogg/include/ogg\"",
					"\"$(SRCROOT)/../libogg/include\"",
					"\"$(SRCROOT)/../vorbis/include\"/**",
					"\"$(SRCROOT)/../vorbis/lib\"/**",
				);
				IPHONEOS_DEPLOYMENT_TARGET = 16.2;
				MARKETING_VERSION = 1.3.20;
				OTHER_CFLAGS = (
					"-DPD",
					"-DHAVE_UNISTD_H",
					"-DHAVE_ALLOCA_H",
					"-DUSEAPI_DUMMY",
				);
				PRODUCT_BUNDLE_IDENTIFIER = com.fhnw.rwa.player.tests;
				PRODUCT_NAME = "$(TARGET_NAME)";
				SWIFT_OBJC_BRIDGING_HEADER = "tests/rwaclientTests-Bridging-Header.h";
				SWIFT_OPTIMIZATION_LEVEL = "-Onone";
				SWIFT_VERSION = 5.0;
				TARGETED_DEVICE_FAMILY = "1,2";
				TEST_HOST = "$(BUILT_PRODUCTS_DIR)/rwa-client.app/rwa-client";
				USER_HEADER_SEARCH_PATHS = "\"$(SRCROOT)/../../F53OSC-master\" \"$(SRCROOT)/libs\"/** \"$(SRCROOT)/../vas_library\"/** \"$(SRCROOT)/../libpd/pure-data/src\" \"$(SRCROOT)/../vas_library/examples/PureData/raw_binauralsimple~\" \"$(SRCROOT)/../F53OSC\" \"$(SRCROOT)/../libpd/libpd_wrapper\" \"$(SRCROOT)/../libpd/libpd_wrapper/util\" \"$(SRCROOT)/../libpd/objc\"";
			};
			name = Debug;
		};
		BEEF00000000000000000008 /* Release */ = {
			isa = XCBuildConfiguration;
			baseConfigurationReference = 84E8BC1F28EF223900EF35DD /* Config.xcconfig */;
			buildSettings = {
				ALWAYS_SEARCH_USER_PATHS = NO;
				BUNDLE_LOADER = "$(TEST_HOST)";
				CLANG_ENABLE_MODULES = YES;
				CODE_SIGN_STYLE = Automatic;
				CURRENT_PROJECT_VERSION = 1;
				GCC_PREPROCESSOR_DEFINITIONS = PUREDATA;
				GENERATE_INFOPLIST_FILE = YES;
				HEADER_SEARCH_PATHS = (
					"\"$(SRCROOT)/../libogg/include/ogg\"",
					"\"$(SRCROOT)/../libogg/include\"",
					"\"$(SRCROOT)/../vorbis/include\"/**",
					"\"$(SRCROOT)/../vorbis/lib\"/**",
				);
				IPHONEOS_DEPLOYMENT_TARGET = 16.2;
				MARKETING_VERSION = 1.3.20;
				OTHER_CFLAGS = (
					"-DPD",
					"-DHAVE_UNISTD_H",
					"-DHAVE_ALLOCA_H",
					"-DUSEAPI_DUMMY",
				);
				PRODUCT_BUNDLE_IDENTIFIER = com.fhnw.rwa.player.tests;
				PRODUCT_NAME = "$(TARGET_NAME)";
				SWIFT_OBJC_BRIDGING_HEADER = "tests/rwaclientTests-Bridging-Header.h";
				SWIFT_VERSION = 5.0;
				TARGETED_DEVICE_FAMILY = "1,2";
				TEST_HOST = "$(BUILT_PRODUCTS_DIR)/rwa-client.app/rwa-client";
				USER_HEADER_SEARCH_PATHS = "\"$(SRCROOT)/../../F53OSC-master\" \"$(SRCROOT)/libs\"/** \"$(SRCROOT)/../vas_library\"/** \"$(SRCROOT)/../libpd/pure-data/src\" \"$(SRCROOT)/../vas_library/examples/PureData/raw_binauralsimple~\" \"$(SRCROOT)/../F53OSC\" \"$(SRCROOT)/../libpd/libpd_wrapper\" \"$(SRCROOT)/../libpd/libpd_wrapper/util\" \"$(SRCROOT)/../libpd/objc\"";
			};
			name = Release;
		};
/* End XCBuildConfiguration section */

/* Begin XCConfigurationList section */
		8436A2661C3156F400A4E328 /* Build configuration list for PBXProject "rwaclient" */ = {
			isa = XCConfigurationList;
			buildConfigurations = (
				8436A27D1C3156F400A4E328 /* Debug */,
				8436A27E1C3156F400A4E328 /* Release */,
			);
			defaultConfigurationIsVisible = 0;
			defaultConfigurationName = Release;
		};
		8436A27F1C3156F400A4E328 /* Build configuration list for PBXNativeTarget "rwa-client" */ = {
			isa = XCConfigurationList;
			buildConfigurations = (
				8436A2801C3156F400A4E328 /* Debug */,
				8436A2811C3156F400A4E328 /* Release */,
			);
			defaultConfigurationIsVisible = 0;
			defaultConfigurationName = Release;
		};
		BEEF00000000000000000006 /* Build configuration list for PBXNativeTarget "rwaclientTests" */ = {
			isa = XCConfigurationList;
			buildConfigurations = (
				BEEF00000000000000000007 /* Debug */,
				BEEF00000000000000000008 /* Release */,
			);
			defaultConfigurationIsVisible = 0;
			defaultConfigurationName = Release;
		};
/* End XCConfigurationList section */
	};
	rootObject = 8436A2631C3156F400A4E328 /* Project object */;
}
